{
  "version": 4,
  "terraform_version": "1.7.5",
  "serial": 228,
  "lineage": "2c2547cf-06b9-6b69-f9fb-d409af1b2a8e",
  "outputs": {},
  "resources": [
    {
      "mode": "data",
      "type": "aws_ami",
      "name": "my_ami",
      "provider": "provider[\"registry.terraform.io/hashicorp/aws\"]",
      "instances": [
        {
          "schema_version": 0,
          "attributes": {
            "architecture": "x86_64",
            "arn": "arn:aws:ec2:us-east-1::image/ami-0e001c9271cf7f3b9",
            "block_device_mappings": [
              {
                "device_name": "/dev/sda1",
                "ebs": {
                  "delete_on_termination": "true",
                  "encrypted": "false",
                  "iops": "0",
                  "snapshot_id": "snap-0380f0f1767077d42",
                  "throughput": "0",
                  "volume_size": "8",
                  "volume_type": "gp2"
                },
                "no_device": "",
                "virtual_name": ""
              },
              {
                "device_name": "/dev/sdb",
                "ebs": {},
                "no_device": "",
                "virtual_name": "ephemeral0"
              },
              {
                "device_name": "/dev/sdc",
                "ebs": {},
                "no_device": "",
                "virtual_name": "ephemeral1"
              }
            ],
            "boot_mode": "uefi-preferred",
            "creation_date": "2024-04-11T02:44:52.000Z",
            "deprecation_time": "2026-04-11T02:44:52.000Z",
            "description": "Canonical, Ubuntu, 22.04 LTS, amd64 jammy image build on 2024-04-11",
            "ena_support": true,
            "executable_users": null,
            "filter": [
              {
                "name": "name",
                "values": [
                  "ubuntu/images/hvm-ssd/ubuntu-jammy-22.04-amd64-server-*"
                ]
              }
            ],
            "hypervisor": "xen",
            "id": "ami-0e001c9271cf7f3b9",
            "image_id": "ami-0e001c9271cf7f3b9",
            "image_location": "amazon/ubuntu/images/hvm-ssd/ubuntu-jammy-22.04-amd64-server-20240411",
            "image_owner_alias": "amazon",
            "image_type": "machine",
            "imds_support": "",
            "include_deprecated": false,
            "kernel_id": "",
            "most_recent": true,
            "name": "ubuntu/images/hvm-ssd/ubuntu-jammy-22.04-amd64-server-20240411",
            "name_regex": null,
            "owner_id": "099720109477",
            "owners": [
              "amazon"
            ],
            "platform": "",
            "platform_details": "Linux/UNIX",
            "product_codes": [],
            "public": true,
            "ramdisk_id": "",
            "root_device_name": "/dev/sda1",
            "root_device_type": "ebs",
            "root_snapshot_id": "snap-0380f0f1767077d42",
            "sriov_net_support": "simple",
            "state": "available",
            "state_reason": {
              "code": "UNSET",
              "message": "UNSET"
            },
            "tags": {},
            "timeouts": null,
            "tpm_support": "",
            "usage_operation": "RunInstances",
            "virtualization_type": "hvm"
          },
          "sensitive_attributes": []
        }
      ]
    },
    {
      "mode": "data",
      "type": "aws_iam_policy_document",
      "name": "assume_role",
      "provider": "provider[\"registry.terraform.io/hashicorp/aws\"]",
      "instances": [
        {
          "schema_version": 0,
          "attributes": {
            "id": "1497918837",
            "json": "{\n  \"Version\": \"2012-10-17\",\n  \"Statement\": [\n    {\n      \"Effect\": \"Allow\",\n      \"Action\": \"sts:AssumeRole\",\n      \"Principal\": {\n        \"Service\": \"backup.amazonaws.com\"\n      }\n    }\n  ]\n}",
            "override_json": null,
            "override_policy_documents": null,
            "policy_id": null,
            "source_json": null,
            "source_policy_documents": null,
            "statement": [
              {
                "actions": [
                  "sts:AssumeRole"
                ],
                "condition": [],
                "effect": "Allow",
                "not_actions": [],
                "not_principals": [],
                "not_resources": [],
                "principals": [
                  {
                    "identifiers": [
                      "backup.amazonaws.com"
                    ],
                    "type": "Service"
                  }
                ],
                "resources": [],
                "sid": ""
              }
            ],
            "version": "2012-10-17"
          },
          "sensitive_attributes": []
        }
      ]
    },
    {
      "mode": "data",
      "type": "tls_certificate",
      "name": "eks",
      "provider": "provider[\"registry.terraform.io/hashicorp/tls\"]",
      "instances": [
        {
          "schema_version": 0,
          "attributes": {
            "certificates": [
              {
                "cert_pem": "-----BEGIN CERTIFICATE-----\nMIIEdTCCA12gAwIBAgIJAKcOSkw0grd/MA0GCSqGSIb3DQEBCwUAMGgxCzAJBgNV\nBAYTAlVTMSUwIwYDVQQKExxTdGFyZmllbGQgVGVjaG5vbG9naWVzLCBJbmMuMTIw\nMAYDVQQLEylTdGFyZmllbGQgQ2xhc3MgMiBDZXJ0aWZpY2F0aW9uIEF1dGhvcml0\neTAeFw0wOTA5MDIwMDAwMDBaFw0zNDA2MjgxNzM5MTZaMIGYMQswCQYDVQQGEwJV\nUzEQMA4GA1UECBMHQXJpem9uYTETMBEGA1UEBxMKU2NvdHRzZGFsZTElMCMGA1UE\nChMcU3RhcmZpZWxkIFRlY2hub2xvZ2llcywgSW5jLjE7MDkGA1UEAxMyU3RhcmZp\nZWxkIFNlcnZpY2VzIFJvb3QgQ2VydGlmaWNhdGUgQXV0aG9yaXR5IC0gRzIwggEi\nMA0GCSqGSIb3DQEBAQUAA4IBDwAwggEKAoIBAQDVDDrEKvlO4vW+GZdfjohTsR8/\ny8+fIBNtKTrID30892t2OGPZNmCom15cAICyL1l/9of5JUOG52kbUpqQ4XHj2C0N\nTm/2yEnZtvMaVq4rtnQU68/7JuMauh2WLmo7WJSJR1b/JaCTcFOD2oR0FMNnngRo\nOt+OQFodSk7PQ5E751bWAHDLUu57fa4657wx+UX2wmDPE1kCK4DMNEffud6QZW0C\nzyyRpqbn3oUYSXxmTqM6bam17jQuug0DuDPfR+uxa40l2ZvOgdFFRjKWcIfeAg5J\nQ4W2bHO7ZOphQazJ1FTfhy/HIrImzJ9ZVGif/L4qL8RVHHVAYBeFAlU5i38FAgMB\nAAGjgfAwge0wDwYDVR0TAQH/BAUwAwEB/zAOBgNVHQ8BAf8EBAMCAYYwHQYDVR0O\nBBYEFJxfAN+qAdcwKziIorhtSpzyEZGDMB8GA1UdIwQYMBaAFL9ft9HO3R+G9FtV\nrNzXEMIOqYjnME8GCCsGAQUFBwEBBEMwQTAcBggrBgEFBQcwAYYQaHR0cDovL28u\nc3MyLnVzLzAhBggrBgEFBQcwAoYVaHR0cDovL3guc3MyLnVzL3guY2VyMCYGA1Ud\nHwQfMB0wG6AZoBeGFWh0dHA6Ly9zLnNzMi51cy9yLmNybDARBgNVHSAECjAIMAYG\nBFUdIAAwDQYJKoZIhvcNAQELBQADggEBACMd44pXyn3pF3lM8R5V/cxTbj5HD9/G\nVfKyBDbtgB9TxF00KGu+x1X8Z+rLP3+QsjPNG1gQggL4+C/1E2DUBc7xgQjB3ad1\nl08YuW3e95ORCLp+QCztweq7dp4zBncdDQh/U90bZKuCJ/Fp1U1ervShw3WnWEQt\n8jxwmKy6abaVd38PMV4s/KCHOkdp8Hlf9BRUpJVeEXgSYCfOn8J3/yNTd126/+pZ\n59vPr5KW7ySaNRB6nJHGDn2Z9j8Z3/VyVOEVqQdZe4O/Ui5GjLIAZHYcSNPYeehu\nVsyuLAOQ1xk4meTKCRlb/weWsKh/NEnfVqn3sF/tM+2MR7cwA130A4w=\n-----END CERTIFICATE-----\n",
                "is_ca": true,
                "issuer": "OU=Starfield Class 2 Certification Authority,O=Starfield Technologies\\, Inc.,C=US",
                "not_after": "2034-06-28T17:39:16Z",
                "not_before": "2009-09-02T00:00:00Z",
                "public_key_algorithm": "RSA",
                "serial_number": "12037640545166866303",
                "sha1_fingerprint": "9e99a48a9960b14926bb7f3b02e22da2b0ab7280",
                "signature_algorithm": "SHA256-RSA",
                "subject": "CN=Starfield Services Root Certificate Authority - G2,O=Starfield Technologies\\, Inc.,L=Scottsdale,ST=Arizona,C=US",
                "version": 3
              },
              {
                "cert_pem": "-----BEGIN CERTIFICATE-----\nMIIEkjCCA3qgAwIBAgITBn+USionzfP6wq4rAfkI7rnExjANBgkqhkiG9w0BAQsF\nADCBmDELMAkGA1UEBhMCVVMxEDAOBgNVBAgTB0FyaXpvbmExEzARBgNVBAcTClNj\nb3R0c2RhbGUxJTAjBgNVBAoTHFN0YXJmaWVsZCBUZWNobm9sb2dpZXMsIEluYy4x\nOzA5BgNVBAMTMlN0YXJmaWVsZCBTZXJ2aWNlcyBSb290IENlcnRpZmljYXRlIEF1\ndGhvcml0eSAtIEcyMB4XDTE1MDUyNTEyMDAwMFoXDTM3MTIzMTAxMDAwMFowOTEL\nMAkGA1UEBhMCVVMxDzANBgNVBAoTBkFtYXpvbjEZMBcGA1UEAxMQQW1hem9uIFJv\nb3QgQ0EgMTCCASIwDQYJKoZIhvcNAQEBBQADggEPADCCAQoCggEBALJ4gHHKeNXj\nca9HgFB0fW7Y14h29Jlo91ghYPl0hAEvrAIthtOgQ3pOsqTQNroBvo3bSMgHFzZM\n9O6II8c+6zf1tRn4SWiw3te5djgdYZ6k/oI2peVKVuRF4fn9tBb6dNqcmzU5L/qw\nIFAGbHrQgLKm+a/sRxmPUDgH3KKHOVj4utWp+UhnMJbulHheb4mjUcAwhmahRWa6\nVOujw5H5SNz/0egwLX0tdHA114gk957EWW67c4cX8jJGKLhD+rcdqsq08p8kDi1L\n93FcXmn/6pUCyziKrlA4b9v7LWIbxcceVOF34GfID5yHI9Y/QCB/IIDEgEw+OyQm\njgSubJrIqg0CAwEAAaOCATEwggEtMA8GA1UdEwEB/wQFMAMBAf8wDgYDVR0PAQH/\nBAQDAgGGMB0GA1UdDgQWBBSEGMyFNOy8DJSULghZnMeyEE4KCDAfBgNVHSMEGDAW\ngBScXwDfqgHXMCs4iKK4bUqc8hGRgzB4BggrBgEFBQcBAQRsMGowLgYIKwYBBQUH\nMAGGImh0dHA6Ly9vY3NwLnJvb3RnMi5hbWF6b250cnVzdC5jb20wOAYIKwYBBQUH\nMAKGLGh0dHA6Ly9jcnQucm9vdGcyLmFtYXpvbnRydXN0LmNvbS9yb290ZzIuY2Vy\nMD0GA1UdHwQ2MDQwMqAwoC6GLGh0dHA6Ly9jcmwucm9vdGcyLmFtYXpvbnRydXN0\nLmNvbS9yb290ZzIuY3JsMBEGA1UdIAQKMAgwBgYEVR0gADANBgkqhkiG9w0BAQsF\nAAOCAQEAYjdCXLwQtT6LLOkMm2xF4gcAevnFWAu5CIw+7bMlPLVvUOTNNWqnkzSW\nMiGpSESrnO09tKpzbeR/FoCJbM8oAxiDR3mjEH4wW6w7sGDgd9QIpuEdfF7Au/ma\neyKdpwAJfqxGF4PcnCZXmTA5YpaP7dreqsXMGz7KQ2hsVxa81Q4gLv7/wmpdLqBK\nbRRYh5TmOTFffHPLkIhqhBGWJ6bt2YFGpn6jcgAKUj6DiAdjd4lpFw85hdKrCEVN\n0FE6/V1dN2RMfjCyVSRCnTawXZwXgWHxyvkQAiSr6w10kY17RSlQOYiypok1JR4U\nakcjMS9cmvqtmg5iUaQqqcT5NJ0hGA==\n-----END CERTIFICATE-----\n",
                "is_ca": true,
                "issuer": "CN=Starfield Services Root Certificate Authority - G2,O=Starfield Technologies\\, Inc.,L=Scottsdale,ST=Arizona,C=US",
                "not_after": "2037-12-31T01:00:00Z",
                "not_before": "2015-05-25T12:00:00Z",
                "public_key_algorithm": "RSA",
                "serial_number": "144918191876577076464031512351042010504348870",
                "sha1_fingerprint": "06b25927c42a721631c1efd9431e648fa62e1e39",
                "signature_algorithm": "SHA256-RSA",
                "subject": "CN=Amazon Root CA 1,O=Amazon,C=US",
                "version": 3
              },
              {
                "cert_pem": "-----BEGIN CERTIFICATE-----\nMIIEXjCCA0agAwIBAgITB3MSTNQG0mfAmRzdKZqfODF5hTANBgkqhkiG9w0BAQsF\nADA5MQswCQYDVQQGEwJVUzEPMA0GA1UEChMGQW1hem9uMRkwFwYDVQQDExBBbWF6\nb24gUm9vdCBDQSAxMB4XDTIyMDgyMzIyMjYwNFoXDTMwMDgyMzIyMjYwNFowPDEL\nMAkGA1UEBhMCVVMxDzANBgNVBAoTBkFtYXpvbjEcMBoGA1UEAxMTQW1hem9uIFJT\nQSAyMDQ4IE0wMzCCASIwDQYJKoZIhvcNAQEBBQADggEPADCCAQoCggEBALd/pVko\n8vuM475Tf45HV3BbCl/B9Jy89G1CRkFjcPY06WA9lS+7dWbUA7GtWUKoksr69hKM\nwcMsNpxlw7b3jeXFgxB09/nmalcAWtnLzF+LaDKEA5DQmvKzuh1nfIfqEiKCQSmX\nXh09Xs+dO7cm5qbaL2hhNJCSAejciwcvOFgFNgEMR42wm6KIFHsQW28jhA+1u/M0\np6fVwReuEgZfLfdx82Px0LJck3lST3EB/JfbdsdOzzzg5YkY1dfuqf8y5fUeZ7Cz\nWXbTjujwX/TovmeWKA36VLCz75azW6tDNuDn66FOpADZZ9omVaF6BqNJiLMVl6P3\n/c0OiUMC6Z5OfKcCAwEAAaOCAVowggFWMBIGA1UdEwEB/wQIMAYBAf8CAQAwDgYD\nVR0PAQH/BAQDAgGGMB0GA1UdJQQWMBQGCCsGAQUFBwMBBggrBgEFBQcDAjAdBgNV\nHQ4EFgQUVdkYX9IczAHhWLS+q9lVQgHXLgIwHwYDVR0jBBgwFoAUhBjMhTTsvAyU\nlC4IWZzHshBOCggwewYIKwYBBQUHAQEEbzBtMC8GCCsGAQUFBzABhiNodHRwOi8v\nb2NzcC5yb290Y2ExLmFtYXpvbnRydXN0LmNvbTA6BggrBgEFBQcwAoYuaHR0cDov\nL2NydC5yb290Y2ExLmFtYXpvbnRydXN0LmNvbS9yb290Y2ExLmNlcjA/BgNVHR8E\nODA2MDSgMqAwhi5odHRwOi8vY3JsLnJvb3RjYTEuYW1hem9udHJ1c3QuY29tL3Jv\nb3RjYTEuY3JsMBMGA1UdIAQMMAowCAYGZ4EMAQIBMA0GCSqGSIb3DQEBCwUAA4IB\nAQAGjeWm2cC+3z2MzSCnte46/7JZvj3iQZDY7EvODNdZF41n71Lrk9kbfNwerK0d\nVNzW36Wefr7j7ZSwBVg50W5ay65jNSN74TTQV1yt4WnSbVvN6KlMs1hiyOZdoHKs\nKDV2UGNxbdoBYCQNa2GYF8FQIWLugNp35aSOpMy6cFlymFQomIrnOQHwK1nvVY4q\nxDSJMU/gNJz17D8ArPN3ngnyZ2TwepJ0uBINz3G5te2rdFUF4i4Y3Bb7FUlHDYm4\nu8aIRGpk2ZpfXmxaoxnbIBZRvGLPSUuPwnwoUOMsJ8jirI5vs2dvchPb7MtI1rle\ni02f2ivH2vxkjDLltSpe2fiC\n-----END CERTIFICATE-----\n",
                "is_ca": true,
                "issuer": "CN=Amazon Root CA 1,O=Amazon,C=US",
                "not_after": "2030-08-23T22:26:04Z",
                "not_before": "2022-08-23T22:26:04Z",
                "public_key_algorithm": "RSA",
                "serial_number": "166129356476704345391986644047206454194698629",
                "sha1_fingerprint": "d9fe0a65fa00cabf61f5120d373a8135e1461f15",
                "signature_algorithm": "SHA256-RSA",
                "subject": "CN=Amazon RSA 2048 M03,O=Amazon,C=US",
                "version": 3
              },
              {
                "cert_pem": "-----BEGIN CERTIFICATE-----\nMIIF7DCCBNSgAwIBAgIQArMTNigI/IrHZQ1pGaAsljANBgkqhkiG9w0BAQsFADA8\nMQswCQYDVQQGEwJVUzEPMA0GA1UEChMGQW1hem9uMRwwGgYDVQQDExNBbWF6b24g\nUlNBIDIwNDggTTAzMB4XDTI0MDQyNzAwMDAwMFoXDTI1MDUyNjIzNTk1OVowKzEp\nMCcGA1UEAxMgb2lkYy5la3MudXMtZWFzdC0xLmFtYXpvbmF3cy5jb20wggEiMA0G\nCSqGSIb3DQEBAQUAA4IBDwAwggEKAoIBAQCs9iH64kwJuUKzgTy5jou8HAkSctvo\n36hWIzpAAECOgKBzjGUVnhGiy1hSLBYG2YR9DwJ6XrjVN30465c80d6SmG4Je+UR\nrZCgXeBcm3Wo2Rsrj5FRTqNd8QQeCInLgILwfMiBNRpbf76VIiKoafLsJy99eVSJ\nIqVn5shhp72Vzp+iV6eu76NNaZ9KP6GFJA5bG7AsxBWJ8vFB83bZ/KIeWcI8yblN\ndkFj2WJ7Ug+DhMhP3w/7OhvYT7bmh9WJpUKCy2w0w8n8TOgUz4F5MBT/dEMrXBgi\nuglU3AID66tsrCbPU/XGaH8TnEsJwbDmDiwqXMmyNS13k5nQdlX1NTn/AgMBAAGj\nggL5MIIC9TAfBgNVHSMEGDAWgBRV2Rhf0hzMAeFYtL6r2VVCAdcuAjAdBgNVHQ4E\nFgQUIdV8GsE9mNOEPk9PN1mJ0aIgW1wwKwYDVR0RBCQwIoIgb2lkYy5la3MudXMt\nZWFzdC0xLmFtYXpvbmF3cy5jb20wEwYDVR0gBAwwCjAIBgZngQwBAgEwDgYDVR0P\nAQH/BAQDAgWgMB0GA1UdJQQWMBQGCCsGAQUFBwMBBggrBgEFBQcDAjA7BgNVHR8E\nNDAyMDCgLqAshipodHRwOi8vY3JsLnIybTAzLmFtYXpvbnRydXN0LmNvbS9yMm0w\nMy5jcmwwdQYIKwYBBQUHAQEEaTBnMC0GCCsGAQUFBzABhiFodHRwOi8vb2NzcC5y\nMm0wMy5hbWF6b250cnVzdC5jb20wNgYIKwYBBQUHMAKGKmh0dHA6Ly9jcnQucjJt\nMDMuYW1hem9udHJ1c3QuY29tL3IybTAzLmNlcjAMBgNVHRMBAf8EAjAAMIIBfgYK\nKwYBBAHWeQIEAgSCAW4EggFqAWgAdgDPEVbu1S58r/OHW9lpLpvpGnFnSrAX7KwB\n0lt3zsw7CAAAAY8dZOGHAAAEAwBHMEUCIQCzSvZflhxYIS6ogL395SBtOt/yaPxS\nECvEoEgGY7OaYwIgAlMNx3a/oOOPYfqZSEK4F+wQuFtCZBI4ipekyH/rCTMAdwBV\ngdTCFpA2AUrqC5tXPFPwwOQ4eHAlCBcvo6odBxPTDAAAAY8dZOIAAAAEAwBIMEYC\nIQCluq2G/qqyepl9S3udKQG+AuLaS8Z5g1fHXEnyN0oOvAIhAJi4hLPlpq1zq+6Z\nRR1mt/SHNF90PH7bIieykChWHPuYAHUA5tIxY0B3jMEQQQbXcbnOwdJA9paEhvu6\nhzId/R43jlAAAAGPHWThlQAABAMARjBEAiA16ARZzGbS+OFUNtSsq+WaWbdxxyaE\nDHebVV75nNotVAIgS3zgE2QjiFAQk/HXAARBxM/ePRXzg7ATrRfz4/tow2kwDQYJ\nKoZIhvcNAQELBQADggEBAJdrrkFMQYGUj6eNKSugGV4buDVZpJ3/5MdV/lyT3+pS\nSFkLy4g6ev48VdrMMjNhpebYN2KxoWiAvtqw6SVRa5SaPq4RTo3vNUXVcrXm1ioF\ny4jhHhg+AWRG9kNHEvVMyh3KUrUbK73xg0nlBdDJT8tN8N4AMUW0EIyIYdg0hFYi\nDQfybRbONkW7CpeieMBH7y+892Xz6L1iTWIfZeuLB+jgZ9lwplNTiAi4itds6kT7\nMH6wHHXO3TpuGO/OZEUzkeOMyqN907RShUKS0+B0m2Z8lBNqapiVUI/Sk7ORxU8U\nMV3kChZK1xsztCo/qGIM2Njb9YPwAKuJVnSDK2COFB8=\n-----END CERTIFICATE-----\n",
                "is_ca": false,
                "issuer": "CN=Amazon RSA 2048 M03,O=Amazon,C=US",
                "not_after": "2025-05-26T23:59:59Z",
                "not_before": "2024-04-27T00:00:00Z",
                "public_key_algorithm": "RSA",
                "serial_number": "3588266785741075439109848048787795094",
                "sha1_fingerprint": "c9ab033e410ebd60f70ee06159372219fd0082d7",
                "signature_algorithm": "SHA256-RSA",
                "subject": "CN=oidc.eks.us-east-1.amazonaws.com",
                "version": 3
              }
            ],
            "content": null,
            "id": "6baddd522c7ea22d67e63b6a46cf59283fc7242b",
            "url": "https://oidc.eks.us-east-1.amazonaws.com/id/4D4991F06452DAE40D5FC1D8DA2FD7F7",
            "verify_chain": true
          },
          "sensitive_attributes": []
        }
      ]
    },
    {
      "mode": "managed",
      "type": "aws_backup_plan",
      "name": "jenkins_backup_plan",
      "provider": "provider[\"registry.terraform.io/hashicorp/aws\"]",
      "instances": [
        {
          "schema_version": 0,
          "attributes": {
            "advanced_backup_setting": [],
            "arn": "arn:aws:backup:us-east-1:730335448540:backup-plan:f189ab61-b032-4acb-b49f-34186b2539b3",
            "id": "f189ab61-b032-4acb-b49f-34186b2539b3",
            "name": "jenkins-backup-plan",
            "rule": [
              {
                "completion_window": 180,
                "copy_action": [],
                "enable_continuous_backup": false,
                "lifecycle": [
                  {
                    "cold_storage_after": 0,
                    "delete_after": 7,
                    "opt_in_to_archive_for_supported_resources": false
                  }
                ],
                "recovery_point_tags": {},
                "rule_name": "daily-snapshot",
                "schedule": "cron(0 0 * * ? *)",
                "start_window": 60,
                "target_vault_name": "jenkins_backup_vault"
              }
            ],
            "tags": null,
            "tags_all": {},
            "version": "ZGM2NjBmOWUtOWM3OS00MjAwLWFmNzEtMDNmZjVkYmIyZWRm"
          },
          "sensitive_attributes": [],
          "private": "bnVsbA==",
          "dependencies": [
            "aws_backup_vault.backup_vault"
          ]
        }
      ]
    },
    {
      "mode": "managed",
      "type": "aws_backup_selection",
      "name": "backup_selection",
      "provider": "provider[\"registry.terraform.io/hashicorp/aws\"]",
      "instances": [
        {
          "schema_version": 0,
          "attributes": {
            "condition": [
              {
                "string_equals": [],
                "string_like": [],
                "string_not_equals": [],
                "string_not_like": []
              }
            ],
            "iam_role_arn": "arn:aws:iam::730335448540:role/backup-role",
            "id": "ae973e7d-a04a-45c1-91e5-52d035a3a056",
            "name": "daily_backup_selection",
            "not_resources": [],
            "plan_id": "f189ab61-b032-4acb-b49f-34186b2539b3",
            "resources": [
              "arn:aws:ec2:us-east-1:730335448540:instance/i-0647d91da88c68ad4"
            ],
            "selection_tag": []
          },
          "sensitive_attributes": [],
          "private": "bnVsbA==",
          "dependencies": [
            "aws_backup_plan.jenkins_backup_plan",
            "aws_backup_vault.backup_vault",
            "aws_iam_role.backup_role",
            "aws_instance.jenkins_server",
            "aws_key_pair.ec2_jenkins_key",
            "aws_subnet.public-us-east-1a",
            "aws_vpc.main",
            "data.aws_ami.my_ami",
            "data.aws_iam_policy_document.assume_role",
            "tls_private_key.rsa-4096-example"
          ]
        }
      ]
    },
    {
      "mode": "managed",
      "type": "aws_backup_vault",
      "name": "backup_vault",
      "provider": "provider[\"registry.terraform.io/hashicorp/aws\"]",
      "instances": [
        {
          "schema_version": 0,
          "attributes": {
            "arn": "arn:aws:backup:us-east-1:730335448540:backup-vault:jenkins_backup_vault",
            "force_destroy": false,
            "id": "jenkins_backup_vault",
            "kms_key_arn": "arn:aws:kms:us-east-1:730335448540:key/ae66ddaa-7fd9-4608-b905-fc2d0018d883",
            "name": "jenkins_backup_vault",
            "recovery_points": 0,
            "tags": null,
            "tags_all": {},
            "timeouts": null
          },
          "sensitive_attributes": [],
          "private": "eyJlMmJmYjczMC1lY2FhLTExZTYtOGY4OC0zNDM2M2JjN2M0YzAiOnsiZGVsZXRlIjo2MDAwMDAwMDAwMDB9fQ=="
        }
      ]
    },
    {
      "mode": "managed",
      "type": "aws_db_instance",
      "name": "mysql",
      "provider": "provider[\"registry.terraform.io/hashicorp/aws\"]",
      "instances": [
        {
          "schema_version": 2,
          "attributes": {
            "address": "terraform-20240428211112494200000001.cv08eu8qkx5i.us-east-1.rds.amazonaws.com",
            "allocated_storage": 10,
            "allow_major_version_upgrade": null,
            "apply_immediately": false,
            "arn": "arn:aws:rds:us-east-1:730335448540:db:terraform-20240428211112494200000001",
            "auto_minor_version_upgrade": true,
            "availability_zone": "us-east-1a",
            "backup_retention_period": 0,
            "backup_target": "region",
            "backup_window": "08:12-08:42",
            "blue_green_update": [],
            "ca_cert_identifier": "rds-ca-rsa2048-g1",
            "character_set_name": "",
            "copy_tags_to_snapshot": false,
            "custom_iam_instance_profile": "",
            "customer_owned_ip_enabled": false,
            "db_name": "mydb",
            "db_subnet_group_name": "default",
            "delete_automated_backups": true,
            "deletion_protection": false,
            "domain": "",
            "domain_auth_secret_arn": "",
            "domain_dns_ips": null,
            "domain_fqdn": "",
            "domain_iam_role_name": "",
            "domain_ou": "",
            "enabled_cloudwatch_logs_exports": null,
            "endpoint": "terraform-20240428211112494200000001.cv08eu8qkx5i.us-east-1.rds.amazonaws.com:3306",
            "engine": "mysql",
            "engine_version": "5.7",
            "engine_version_actual": "5.7.44",
            "final_snapshot_identifier": null,
            "hosted_zone_id": "Z2R2ITUGPM61AM",
            "iam_database_authentication_enabled": false,
            "id": "db-4NIPGQDJURZQWMO3GR6C6WHW7E",
            "identifier": "terraform-20240428211112494200000001",
            "identifier_prefix": "terraform-",
            "instance_class": "db.t3.micro",
            "iops": 0,
            "kms_key_id": "",
            "latest_restorable_time": "",
            "license_model": "general-public-license",
            "listener_endpoint": [],
            "maintenance_window": "mon:04:07-mon:04:37",
            "manage_master_user_password": null,
            "master_user_secret": [],
            "master_user_secret_kms_key_id": null,
            "max_allocated_storage": 0,
            "monitoring_interval": 0,
            "monitoring_role_arn": "",
            "multi_az": false,
            "nchar_character_set_name": "",
            "network_type": "IPV4",
            "option_group_name": "default:mysql-5-7",
            "parameter_group_name": "default.mysql5.7",
            "password": "mousa13com",
            "performance_insights_enabled": false,
            "performance_insights_kms_key_id": "",
            "performance_insights_retention_period": 0,
            "port": 3306,
            "publicly_accessible": true,
            "replica_mode": "",
            "replicas": [],
            "replicate_source_db": "",
            "resource_id": "db-4NIPGQDJURZQWMO3GR6C6WHW7E",
            "restore_to_point_in_time": [],
            "s3_import": [],
            "skip_final_snapshot": true,
            "snapshot_identifier": null,
            "status": "available",
            "storage_encrypted": false,
            "storage_throughput": 0,
            "storage_type": "gp2",
            "tags": null,
            "tags_all": {},
            "timeouts": null,
            "timezone": "",
            "username": "root",
            "vpc_security_group_ids": [
              "sg-00bce23ce1adab14f"
            ]
          },
          "sensitive_attributes": [],
          "private": "eyJlMmJmYjczMC1lY2FhLTExZTYtOGY4OC0zNDM2M2JjN2M0YzAiOnsiY3JlYXRlIjoyNDAwMDAwMDAwMDAwLCJkZWxldGUiOjM2MDAwMDAwMDAwMDAsInVwZGF0ZSI6NDgwMDAwMDAwMDAwMH0sInNjaGVtYV92ZXJzaW9uIjoiMiJ9"
        }
      ]
    },
    {
      "mode": "managed",
      "type": "aws_ecr_repository",
      "name": "ecr_hub",
      "provider": "provider[\"registry.terraform.io/hashicorp/aws\"]",
      "instances": [
        {
          "schema_version": 0,
          "attributes": {
            "arn": "arn:aws:ecr:us-east-1:730335448540:repository/todo-app-automation",
            "encryption_configuration": [
              {
                "encryption_type": "AES256",
                "kms_key": ""
              }
            ],
            "force_delete": true,
            "id": "todo-app-automation",
            "image_scanning_configuration": [
              {
                "scan_on_push": true
              }
            ],
            "image_tag_mutability": "MUTABLE",
            "name": "todo-app-automation",
            "registry_id": "730335448540",
            "repository_url": "730335448540.dkr.ecr.us-east-1.amazonaws.com/todo-app-automation",
            "tags": null,
            "tags_all": {},
            "timeouts": null
          },
          "sensitive_attributes": [],
          "private": "eyJlMmJmYjczMC1lY2FhLTExZTYtOGY4OC0zNDM2M2JjN2M0YzAiOnsiZGVsZXRlIjoxMjAwMDAwMDAwMDAwfX0="
        }
      ]
    },
    {
      "mode": "managed",
      "type": "aws_eip",
      "name": "nat",
      "provider": "provider[\"registry.terraform.io/hashicorp/aws\"]",
      "instances": [
        {
          "schema_version": 0,
          "attributes": {
            "address": null,
            "allocation_id": "eipalloc-01b268350a8df902a",
            "associate_with_private_ip": null,
            "association_id": "",
            "carrier_ip": "",
            "customer_owned_ip": "",
            "customer_owned_ipv4_pool": "",
            "domain": "vpc",
            "id": "eipalloc-01b268350a8df902a",
            "instance": "",
            "network_border_group": "us-east-1",
            "network_interface": "",
            "private_dns": null,
            "private_ip": "",
            "ptr_record": "",
            "public_dns": "ec2-50-19-133-84.compute-1.amazonaws.com",
            "public_ip": "50.19.133.84",
            "public_ipv4_pool": "amazon",
            "tags": {
              "Name": "nat"
            },
            "tags_all": {
              "Name": "nat"
            },
            "timeouts": null,
            "vpc": true
          },
          "sensitive_attributes": [],
          "private": "eyJlMmJmYjczMC1lY2FhLTExZTYtOGY4OC0zNDM2M2JjN2M0YzAiOnsiZGVsZXRlIjoxODAwMDAwMDAwMDAsInJlYWQiOjkwMDAwMDAwMDAwMCwidXBkYXRlIjozMDAwMDAwMDAwMDB9fQ=="
        }
      ]
    },
    {
      "mode": "managed",
      "type": "aws_eks_cluster",
      "name": "demo",
      "provider": "provider[\"registry.terraform.io/hashicorp/aws\"]",
      "instances": [
        {
          "schema_version": 0,
          "attributes": {
            "access_config": [
              {
                "authentication_mode": "CONFIG_MAP",
                "bootstrap_cluster_creator_admin_permissions": false
              }
            ],
            "arn": "arn:aws:eks:us-east-1:730335448540:cluster/demo",
            "certificate_authority": [
              {
                "data": "LS0tLS1CRUdJTiBDRVJUSUZJQ0FURS0tLS0tCk1JSURCVENDQWUyZ0F3SUJBZ0lJZTE1RDFpa2hMVFl3RFFZSktvWklodmNOQVFFTEJRQXdGVEVUTUJFR0ExVUUKQXhNS2EzVmlaWEp1WlhSbGN6QWVGdzB5TkRBME1qZ3lNVEV4TVRWYUZ3MHpOREEwTWpZeU1URTJNVFZhTUJVeApFekFSQmdOVkJBTVRDbXQxWW1WeWJtVjBaWE13Z2dFaU1BMEdDU3FHU0liM0RRRUJBUVVBQTRJQkR3QXdnZ0VLCkFvSUJBUUNuYTBvVXNCOFFEeHhySHE4S3MwN0hrZVF3VUhkOVBNN0lQR1lkVTdqY0plOUJxb0RaRFQrRlJCYXoKeURtelloQVNURUo3TTc5QVh6U3UrRVR2c1pOUG82S3F2N3d4cW1ZUW5WeXhjSU5DUUxIRWFRT3NjVUphWnJiRAptQ1V1STZqc2JpdGJNdk92QzBuSVRiYUd3N0VKMVBrWFRweHQxSitoZzN4ZllXeThYUkh2dVpnOGRrRDZkdHkyCnY2eTQrU0ZJWmsxaDdoazNJNVMyS1hiWEtEbWhWMkhCY2x3YTc1Tkhuc09GeXFiYTZBdWtsbXJldTFLUTRGSDEKZWZJaXRnR29vUnpVZzZjOHUvSndZUmMrd2oxdzIzR3FZTk5LQ28rYS8xTEVRc2swQnFnRTViYlFnR2xzSGl6agp6RFY4TVpGSjhZeUo2NDRqZ0NoWE9qbE5TZEcvQWdNQkFBR2pXVEJYTUE0R0ExVWREd0VCL3dRRUF3SUNwREFQCkJnTlZIUk1CQWY4RUJUQURBUUgvTUIwR0ExVWREZ1FXQkJSV2VyN0hNbnhvakFoKzhvbDY2L0tydXA4N3ZUQVYKQmdOVkhSRUVEakFNZ2dwcmRXSmxjbTVsZEdWek1BMEdDU3FHU0liM0RRRUJDd1VBQTRJQkFRQjJQTklXbVF2KwowVWtsbWprbFlMTHhVcDZLak4rNkRBNkhHUnI4cDBzdzRrZ1lFVXFrcXBKTDF6c1FtZ1I5cE9zSzVUNVJ6N0kzCnpNMjhnTDVaRWszZUdvZmdyeHdnZFNLSXp1czNnM0o5amUyVXV4dnRqN3d3VFdRcmhsWUNpNWRsbisyc1dSM2UKMFhFL0RzOVhPN21QZGJKaHQ5cXpTR21vZHV6LzdleUllN1VJampKd2VGRnVObkp2c2JCUTY2YXhlMVVYUnAzUgpnVlU0bkFGSFYvUmM2STFuYytWR05HcGtvU1FmN2tvbDg5QXBFY0lsRnZob3NRMnRJNHFQbDFiL0ZSbWpoZkc0CjE5cEhTWUxOU1hsTEtuOXFQT1hKTzFUQ2JrcTVuVm1uTUhpT1czWnBNZ0pibGgrUGZvNlhlT3ZKWUI0TGdPQkcKYnFHOUlFdHhZa0NJCi0tLS0tRU5EIENFUlRJRklDQVRFLS0tLS0K"
              }
            ],
            "cluster_id": null,
            "created_at": "2024-04-28 21:11:30.271 +0000 UTC",
            "enabled_cluster_log_types": null,
            "encryption_config": [],
            "endpoint": "https://4D4991F06452DAE40D5FC1D8DA2FD7F7.gr7.us-east-1.eks.amazonaws.com",
            "id": "demo",
            "identity": [
              {
                "oidc": [
                  {
                    "issuer": "https://oidc.eks.us-east-1.amazonaws.com/id/4D4991F06452DAE40D5FC1D8DA2FD7F7"
                  }
                ]
              }
            ],
            "kubernetes_network_config": [
              {
                "ip_family": "ipv4",
                "service_ipv4_cidr": "172.20.0.0/16",
                "service_ipv6_cidr": ""
              }
            ],
            "name": "demo",
            "outpost_config": [],
            "platform_version": "eks.6",
            "role_arn": "arn:aws:iam::730335448540:role/eks-cluster-demo",
            "status": "ACTIVE",
            "tags": null,
            "tags_all": {},
            "timeouts": null,
            "version": "1.29",
            "vpc_config": [
              {
                "cluster_security_group_id": "sg-08bf1a789ae37a5cb",
                "endpoint_private_access": false,
                "endpoint_public_access": true,
                "public_access_cidrs": [
                  "0.0.0.0/0"
                ],
                "security_group_ids": null,
                "subnet_ids": [
                  "subnet-01032c9f23f6566b2",
                  "subnet-04b231371d6cfa042",
                  "subnet-07ab9811a3d773496",
                  "subnet-0bd779745aaa08a66"
                ],
                "vpc_id": "vpc-0b72d7ab6176e00d7"
              }
            ]
          },
          "sensitive_attributes": [],
          "private": "eyJlMmJmYjczMC1lY2FhLTExZTYtOGY4OC0zNDM2M2JjN2M0YzAiOnsiY3JlYXRlIjoxODAwMDAwMDAwMDAwLCJkZWxldGUiOjkwMDAwMDAwMDAwMCwidXBkYXRlIjozNjAwMDAwMDAwMDAwfX0=",
          "dependencies": [
            "aws_iam_role.demo",
            "aws_iam_role_policy_attachment.demo-AmazonEKSClusterPolicy",
            "aws_subnet.private-us-east-1a",
            "aws_subnet.private-us-east-1b",
            "aws_subnet.public-us-east-1a",
            "aws_subnet.public-us-east-1b",
            "aws_vpc.main"
          ]
        }
      ]
    },
    {
      "mode": "managed",
      "type": "aws_eks_node_group",
      "name": "private-nodes",
      "provider": "provider[\"registry.terraform.io/hashicorp/aws\"]",
      "instances": [
        {
          "schema_version": 0,
          "attributes": {
            "ami_type": "AL2_x86_64",
            "arn": "arn:aws:eks:us-east-1:730335448540:nodegroup/demo/private-nodes/06c79349-d18e-095b-7f13-d349e11b5606",
            "capacity_type": "ON_DEMAND",
            "cluster_name": "demo",
            "disk_size": 20,
            "force_update_version": null,
            "id": "demo:private-nodes",
            "instance_types": [
              "t2.micro"
            ],
            "labels": {
              "role": "general"
            },
            "launch_template": [],
            "node_group_name": "private-nodes",
            "node_group_name_prefix": "",
            "node_role_arn": "arn:aws:iam::730335448540:role/eks-node-group-nodes",
            "release_version": "1.29.0-20240415",
            "remote_access": [],
            "resources": [
              {
                "autoscaling_groups": [
                  {
                    "name": "eks-private-nodes-06c79349-d18e-095b-7f13-d349e11b5606"
                  }
                ],
                "remote_access_security_group_id": ""
              }
            ],
            "scaling_config": [
              {
                "desired_size": 2,
                "max_size": 2,
                "min_size": 2
              }
            ],
            "status": "ACTIVE",
            "subnet_ids": [
              "subnet-0bd779745aaa08a66"
            ],
            "tags": null,
            "tags_all": {},
            "taint": [],
            "timeouts": null,
            "update_config": [
              {
                "max_unavailable": 1,
                "max_unavailable_percentage": 0
              }
            ],
            "version": "1.29"
          },
          "sensitive_attributes": [],
          "private": "eyJlMmJmYjczMC1lY2FhLTExZTYtOGY4OC0zNDM2M2JjN2M0YzAiOnsiY3JlYXRlIjozNjAwMDAwMDAwMDAwLCJkZWxldGUiOjM2MDAwMDAwMDAwMDAsInVwZGF0ZSI6MzYwMDAwMDAwMDAwMH19",
          "dependencies": [
            "aws_eks_cluster.demo",
            "aws_iam_role.demo",
            "aws_iam_role.nodes",
            "aws_iam_role_policy_attachment.demo-AmazonEKSClusterPolicy",
            "aws_iam_role_policy_attachment.nodes-AmazonEC2ContainerRegistryReadOnly",
            "aws_iam_role_policy_attachment.nodes-AmazonEKSWorkerNodePolicy",
            "aws_iam_role_policy_attachment.nodes-AmazonEKS_CNI_Policy",
            "aws_subnet.private-us-east-1a",
            "aws_subnet.private-us-east-1b",
            "aws_subnet.public-us-east-1a",
            "aws_subnet.public-us-east-1b",
            "aws_vpc.main"
          ]
        }
      ]
    },
    {
      "mode": "managed",
      "type": "aws_iam_openid_connect_provider",
      "name": "eks",
      "provider": "provider[\"registry.terraform.io/hashicorp/aws\"]",
      "instances": [
        {
          "schema_version": 0,
          "attributes": {
            "arn": "arn:aws:iam::730335448540:oidc-provider/oidc.eks.us-east-1.amazonaws.com/id/4D4991F06452DAE40D5FC1D8DA2FD7F7",
            "client_id_list": [
              "sts.amazonaws.com"
            ],
            "id": "arn:aws:iam::730335448540:oidc-provider/oidc.eks.us-east-1.amazonaws.com/id/4D4991F06452DAE40D5FC1D8DA2FD7F7",
            "tags": null,
            "tags_all": {},
            "thumbprint_list": [
              "9e99a48a9960b14926bb7f3b02e22da2b0ab7280"
            ],
            "url": "oidc.eks.us-east-1.amazonaws.com/id/4D4991F06452DAE40D5FC1D8DA2FD7F7"
          },
          "sensitive_attributes": [],
          "private": "bnVsbA==",
          "dependencies": [
            "aws_eks_cluster.demo",
            "aws_iam_role.demo",
            "aws_iam_role_policy_attachment.demo-AmazonEKSClusterPolicy",
            "aws_subnet.private-us-east-1a",
            "aws_subnet.private-us-east-1b",
            "aws_subnet.public-us-east-1a",
            "aws_subnet.public-us-east-1b",
            "aws_vpc.main",
            "data.tls_certificate.eks"
          ]
        }
      ]
    },
    {
      "mode": "managed",
      "type": "aws_iam_role",
      "name": "backup_role",
      "provider": "provider[\"registry.terraform.io/hashicorp/aws\"]",
      "instances": [
        {
          "schema_version": 0,
          "attributes": {
            "arn": "arn:aws:iam::730335448540:role/backup-role",
            "assume_role_policy": "{\"Statement\":[{\"Action\":\"sts:AssumeRole\",\"Effect\":\"Allow\",\"Principal\":{\"Service\":\"backup.amazonaws.com\"}}],\"Version\":\"2012-10-17\"}",
            "create_date": "2024-04-28T21:11:13Z",
            "description": "",
            "force_detach_policies": false,
            "id": "backup-role",
            "inline_policy": [],
            "managed_policy_arns": [],
            "max_session_duration": 3600,
            "name": "backup-role",
            "name_prefix": "",
            "path": "/",
            "permissions_boundary": "",
            "tags": null,
            "tags_all": {},
            "unique_id": "AROA2UC3CRXOHXQWO2UVX"
          },
          "sensitive_attributes": [],
          "private": "bnVsbA==",
          "dependencies": [
            "data.aws_iam_policy_document.assume_role"
          ]
        }
      ]
    },
    {
      "mode": "managed",
      "type": "aws_iam_role",
      "name": "demo",
      "provider": "provider[\"registry.terraform.io/hashicorp/aws\"]",
      "instances": [
        {
          "schema_version": 0,
          "attributes": {
            "arn": "arn:aws:iam::730335448540:role/eks-cluster-demo",
            "assume_role_policy": "{\"Statement\":[{\"Action\":\"sts:AssumeRole\",\"Effect\":\"Allow\",\"Principal\":{\"Service\":\"eks.amazonaws.com\"}}],\"Version\":\"2012-10-17\"}",
            "create_date": "2024-04-28T21:11:13Z",
            "description": "",
            "force_detach_policies": false,
            "id": "eks-cluster-demo",
            "inline_policy": [],
            "managed_policy_arns": [],
            "max_session_duration": 3600,
            "name": "eks-cluster-demo",
            "name_prefix": "",
            "path": "/",
            "permissions_boundary": "",
            "tags": null,
            "tags_all": {},
            "unique_id": "AROA2UC3CRXOAJXGV75HA"
          },
          "sensitive_attributes": [],
          "private": "bnVsbA=="
        }
      ]
    },
    {
      "mode": "managed",
      "type": "aws_iam_role",
      "name": "nodes",
      "provider": "provider[\"registry.terraform.io/hashicorp/aws\"]",
      "instances": [
        {
          "schema_version": 0,
          "attributes": {
            "arn": "arn:aws:iam::730335448540:role/eks-node-group-nodes",
            "assume_role_policy": "{\"Statement\":[{\"Action\":\"sts:AssumeRole\",\"Effect\":\"Allow\",\"Principal\":{\"Service\":\"ec2.amazonaws.com\"}}],\"Version\":\"2012-10-17\"}",
            "create_date": "2024-04-28T21:11:13Z",
            "description": "",
            "force_detach_policies": false,
            "id": "eks-node-group-nodes",
            "inline_policy": [],
            "managed_policy_arns": [],
            "max_session_duration": 3600,
            "name": "eks-node-group-nodes",
            "name_prefix": "",
            "path": "/",
            "permissions_boundary": "",
            "tags": null,
            "tags_all": {},
            "unique_id": "AROA2UC3CRXONHGY765JA"
          },
          "sensitive_attributes": [],
          "private": "bnVsbA=="
        }
      ]
    },
    {
      "mode": "managed",
      "type": "aws_iam_role_policy_attachment",
      "name": "backup_role_attachment",
      "provider": "provider[\"registry.terraform.io/hashicorp/aws\"]",
      "instances": [
        {
          "schema_version": 0,
          "attributes": {
            "id": "backup-role-20240428211114590800000006",
            "policy_arn": "arn:aws:iam::aws:policy/service-role/AWSBackupServiceRolePolicyForBackup",
            "role": "backup-role"
          },
          "sensitive_attributes": [],
          "private": "bnVsbA==",
          "dependencies": [
            "aws_iam_role.backup_role",
            "data.aws_iam_policy_document.assume_role"
          ]
        }
      ]
    },
    {
      "mode": "managed",
      "type": "aws_iam_role_policy_attachment",
      "name": "demo-AmazonEKSClusterPolicy",
      "provider": "provider[\"registry.terraform.io/hashicorp/aws\"]",
      "instances": [
        {
          "schema_version": 0,
          "attributes": {
            "id": "eks-cluster-demo-20240428211114397400000004",
            "policy_arn": "arn:aws:iam::aws:policy/AmazonEKSClusterPolicy",
            "role": "eks-cluster-demo"
          },
          "sensitive_attributes": [],
          "private": "bnVsbA==",
          "dependencies": [
            "aws_iam_role.demo"
          ]
        }
      ]
    },
    {
      "mode": "managed",
      "type": "aws_iam_role_policy_attachment",
      "name": "nodes-AmazonEC2ContainerRegistryReadOnly",
      "provider": "provider[\"registry.terraform.io/hashicorp/aws\"]",
      "instances": [
        {
          "schema_version": 0,
          "attributes": {
            "id": "eks-node-group-nodes-20240428211114376800000003",
            "policy_arn": "arn:aws:iam::aws:policy/AmazonEC2ContainerRegistryReadOnly",
            "role": "eks-node-group-nodes"
          },
          "sensitive_attributes": [],
          "private": "bnVsbA==",
          "dependencies": [
            "aws_iam_role.nodes"
          ]
        }
      ]
    },
    {
      "mode": "managed",
      "type": "aws_iam_role_policy_attachment",
      "name": "nodes-AmazonEKSWorkerNodePolicy",
      "provider": "provider[\"registry.terraform.io/hashicorp/aws\"]",
      "instances": [
        {
          "schema_version": 0,
          "attributes": {
            "id": "eks-node-group-nodes-20240428211114346600000002",
            "policy_arn": "arn:aws:iam::aws:policy/AmazonEKSWorkerNodePolicy",
            "role": "eks-node-group-nodes"
          },
          "sensitive_attributes": [],
          "private": "bnVsbA==",
          "dependencies": [
            "aws_iam_role.nodes"
          ]
        }
      ]
    },
    {
      "mode": "managed",
      "type": "aws_iam_role_policy_attachment",
      "name": "nodes-AmazonEKS_CNI_Policy",
      "provider": "provider[\"registry.terraform.io/hashicorp/aws\"]",
      "instances": [
        {
          "schema_version": 0,
          "attributes": {
            "id": "eks-node-group-nodes-20240428211114462000000005",
            "policy_arn": "arn:aws:iam::aws:policy/AmazonEKS_CNI_Policy",
            "role": "eks-node-group-nodes"
          },
          "sensitive_attributes": [],
          "private": "bnVsbA==",
          "dependencies": [
            "aws_iam_role.nodes"
          ]
        }
      ]
    },
    {
      "mode": "managed",
      "type": "aws_instance",
      "name": "jenkins_server",
      "provider": "provider[\"registry.terraform.io/hashicorp/aws\"]",
      "instances": [
        {
          "schema_version": 1,
          "attributes": {
            "ami": "ami-0e001c9271cf7f3b9",
            "arn": "arn:aws:ec2:us-east-1:730335448540:instance/i-0647d91da88c68ad4",
            "associate_public_ip_address": true,
            "availability_zone": "us-east-1a",
            "capacity_reservation_specification": [
              {
                "capacity_reservation_preference": "open",
                "capacity_reservation_target": []
              }
            ],
            "cpu_core_count": 1,
            "cpu_options": [
              {
                "amd_sev_snp": "",
                "core_count": 1,
                "threads_per_core": 1
              }
            ],
            "cpu_threads_per_core": 1,
            "credit_specification": [
              {
                "cpu_credits": "standard"
              }
            ],
            "disable_api_stop": false,
            "disable_api_termination": false,
            "ebs_block_device": [],
            "ebs_optimized": false,
            "enclave_options": [
              {
                "enabled": false
              }
            ],
            "ephemeral_block_device": [],
            "get_password_data": false,
            "hibernation": false,
            "host_id": "",
            "host_resource_group_arn": null,
            "iam_instance_profile": "",
            "id": "i-0647d91da88c68ad4",
            "instance_initiated_shutdown_behavior": "stop",
            "instance_lifecycle": "",
            "instance_market_options": [],
            "instance_state": "running",
            "instance_type": "t2.micro",
            "ipv6_address_count": 0,
            "ipv6_addresses": [],
            "key_name": "ec2_jenkins_key",
            "launch_template": [],
            "maintenance_options": [
              {
                "auto_recovery": "default"
              }
            ],
            "metadata_options": [
              {
                "http_endpoint": "enabled",
                "http_protocol_ipv6": "disabled",
                "http_put_response_hop_limit": 1,
                "http_tokens": "optional",
                "instance_metadata_tags": "disabled"
              }
            ],
            "monitoring": false,
            "network_interface": [],
            "outpost_arn": "",
            "password_data": "",
            "placement_group": "",
            "placement_partition_number": 0,
            "primary_network_interface_id": "eni-017f33dcb56511f48",
            "private_dns": "ip-10-0-84-85.ec2.internal",
            "private_dns_name_options": [
              {
                "enable_resource_name_dns_a_record": false,
                "enable_resource_name_dns_aaaa_record": false,
                "hostname_type": "ip-name"
              }
            ],
            "private_ip": "10.0.84.85",
            "public_dns": "",
            "public_ip": "54.236.29.28",
            "root_block_device": [
              {
                "delete_on_termination": true,
                "device_name": "/dev/sda1",
                "encrypted": false,
                "iops": 100,
                "kms_key_id": "",
                "tags": {},
                "tags_all": {},
                "throughput": 0,
                "volume_id": "vol-0000345a99879ae41",
                "volume_size": 8,
                "volume_type": "gp2"
              }
            ],
            "secondary_private_ips": [],
            "security_groups": [],
            "source_dest_check": true,
            "spot_instance_request_id": "",
            "subnet_id": "subnet-01032c9f23f6566b2",
            "tags": {
              "Name": "ec2_jenkins"
            },
            "tags_all": {
              "Name": "ec2_jenkins"
            },
            "tenancy": "default",
            "timeouts": null,
            "user_data": null,
            "user_data_base64": null,
            "user_data_replace_on_change": false,
            "volume_tags": null,
            "vpc_security_group_ids": [
              "sg-07c52886f6e4074ba"
            ]
          },
          "sensitive_attributes": [],
          "private": "eyJlMmJmYjczMC1lY2FhLTExZTYtOGY4OC0zNDM2M2JjN2M0YzAiOnsiY3JlYXRlIjo2MDAwMDAwMDAwMDAsImRlbGV0ZSI6MTIwMDAwMDAwMDAwMCwicmVhZCI6OTAwMDAwMDAwMDAwLCJ1cGRhdGUiOjYwMDAwMDAwMDAwMH0sInNjaGVtYV92ZXJzaW9uIjoiMSJ9",
          "dependencies": [
            "aws_key_pair.ec2_jenkins_key",
            "aws_subnet.public-us-east-1a",
            "aws_vpc.main",
            "data.aws_ami.my_ami",
            "tls_private_key.rsa-4096-example"
          ]
        }
      ]
    },
    {
      "mode": "managed",
      "type": "aws_internet_gateway",
      "name": "igw",
      "provider": "provider[\"registry.terraform.io/hashicorp/aws\"]",
      "instances": [
        {
          "schema_version": 0,
          "attributes": {
            "arn": "arn:aws:ec2:us-east-1:730335448540:internet-gateway/igw-0720043161cc581e7",
            "id": "igw-0720043161cc581e7",
            "owner_id": "730335448540",
            "tags": {
              "Name": "igw"
            },
            "tags_all": {
              "Name": "igw"
            },
            "timeouts": null,
            "vpc_id": "vpc-0b72d7ab6176e00d7"
          },
          "sensitive_attributes": [],
          "private": "eyJlMmJmYjczMC1lY2FhLTExZTYtOGY4OC0zNDM2M2JjN2M0YzAiOnsiY3JlYXRlIjoxMjAwMDAwMDAwMDAwLCJkZWxldGUiOjEyMDAwMDAwMDAwMDAsInVwZGF0ZSI6MTIwMDAwMDAwMDAwMH19",
          "dependencies": [
            "aws_vpc.main"
          ]
        }
      ]
    },
    {
      "mode": "managed",
      "type": "aws_key_pair",
      "name": "ec2_jenkins_key",
      "provider": "provider[\"registry.terraform.io/hashicorp/aws\"]",
      "instances": [
        {
          "schema_version": 1,
          "attributes": {
            "arn": "arn:aws:ec2:us-east-1:730335448540:key-pair/ec2_jenkins_key",
            "fingerprint": "31:13:b7:22:47:92:bd:85:e1:a2:31:2a:cb:77:9f:2f",
            "id": "ec2_jenkins_key",
            "key_name": "ec2_jenkins_key",
            "key_name_prefix": "",
            "key_pair_id": "key-0d7c7e795e7b5b9d5",
            "key_type": "rsa",
            "public_key": "ssh-rsa AAAAB3NzaC1yc2EAAAADAQABAAACAQCqp/sT1iBYFRRSRuhI6dQ/C1Y7JFFYy8K29qVJ4DmKSICL9cRO+ozM3oavwD4SfBpLlfmn6Rugorn9mWeOzV+3eWwhjwh3DnIRfIdb6fzdWqzAkc5GK7YPR2uXRhWY509W8VQo/+wsvDlqrPejL1kjShYF1Bgb3F+8fw+N3Vegb4o5EZQIR8PLrzbuGbLjUVBYEn956Hg7fwb6TD5I0rl43lwv3UstgqSM0vlSMf+UXJ9vSm9fDAmv0QMnKmg50Nofrq9jx3m7glAJJ65Ir65utDgjm04O5r1xIhefjMFp8pi/ukETLwIBek81GKv4fL6oFIlXbVEKX6+CMBAjvnLR5AUcIuqkV8H/eCSJBHL0QybucWG/UylgBuTvcn2v7Ef+3c877ybIUtwnimHDAHP2VYY0rRBBGwMoyVKDK6+UHBXsBk8ATIgC/bKpowe2+ysdTC07Rah3FID+o3TIbg8QCW1sGVkl+jNwsl27fWrGw9sLwCnYLOevL1owgTDoiSDEQYjf52JRLa3PJY9HkoeDUF7Ux91itEnVt5MeXf/2Q0zGPjJBq5tUEYWKyQIB9snPei9nhqAwLTv3TNshsPArB0m6q56I2YP4FqaXmOfvAaitjYMufJWVQmyQVNcq8iYLDjEfmtSS5dnbZgeUVEJqBts6Qll9nkdTy/UgYSa98w==",
            "tags": null,
            "tags_all": {}
          },
          "sensitive_attributes": [],
          "private": "eyJzY2hlbWFfdmVyc2lvbiI6IjEifQ==",
          "dependencies": [
            "tls_private_key.rsa-4096-example"
          ]
        }
      ]
    },
    {
      "mode": "managed",
      "type": "aws_nat_gateway",
      "name": "nat",
      "provider": "provider[\"registry.terraform.io/hashicorp/aws\"]",
      "instances": [
        {
          "schema_version": 0,
          "attributes": {
            "allocation_id": "eipalloc-01b268350a8df902a",
            "association_id": "eipassoc-0d664fad4680bd8f7",
            "connectivity_type": "public",
            "id": "nat-0102b4698d6e7d4c4",
            "network_interface_id": "eni-05efe5b15c28c96a7",
            "private_ip": "10.0.89.114",
            "public_ip": "50.19.133.84",
            "secondary_allocation_ids": null,
            "secondary_private_ip_address_count": 0,
            "secondary_private_ip_addresses": [],
            "subnet_id": "subnet-01032c9f23f6566b2",
            "tags": {
              "Name": "nat"
            },
            "tags_all": {
              "Name": "nat"
            },
            "timeouts": null
          },
          "sensitive_attributes": [],
          "private": "eyJlMmJmYjczMC1lY2FhLTExZTYtOGY4OC0zNDM2M2JjN2M0YzAiOnsiY3JlYXRlIjo2MDAwMDAwMDAwMDAsImRlbGV0ZSI6MTgwMDAwMDAwMDAwMCwidXBkYXRlIjo2MDAwMDAwMDAwMDB9fQ==",
          "dependencies": [
            "aws_eip.nat",
            "aws_internet_gateway.igw",
            "aws_subnet.public-us-east-1a",
            "aws_vpc.main"
          ]
        }
      ]
    },
    {
      "mode": "managed",
      "type": "aws_route_table",
      "name": "private",
      "provider": "provider[\"registry.terraform.io/hashicorp/aws\"]",
      "instances": [
        {
          "schema_version": 0,
          "attributes": {
            "arn": "arn:aws:ec2:us-east-1:730335448540:route-table/rtb-0dd9f68fa702c1c9f",
            "id": "rtb-0dd9f68fa702c1c9f",
            "owner_id": "730335448540",
            "propagating_vgws": [],
            "route": [
              {
                "carrier_gateway_id": "",
                "cidr_block": "0.0.0.0/0",
                "core_network_arn": "",
                "destination_prefix_list_id": "",
                "egress_only_gateway_id": "",
                "gateway_id": "",
                "ipv6_cidr_block": "",
                "local_gateway_id": "",
                "nat_gateway_id": "nat-0102b4698d6e7d4c4",
                "network_interface_id": "",
                "transit_gateway_id": "",
                "vpc_endpoint_id": "",
                "vpc_peering_connection_id": ""
              }
            ],
            "tags": {
              "Name": "private"
            },
            "tags_all": {
              "Name": "private"
            },
            "timeouts": null,
            "vpc_id": "vpc-0b72d7ab6176e00d7"
          },
          "sensitive_attributes": [],
          "private": "eyJlMmJmYjczMC1lY2FhLTExZTYtOGY4OC0zNDM2M2JjN2M0YzAiOnsiY3JlYXRlIjozMDAwMDAwMDAwMDAsImRlbGV0ZSI6MzAwMDAwMDAwMDAwLCJ1cGRhdGUiOjEyMDAwMDAwMDAwMH19",
          "dependencies": [
            "aws_eip.nat",
            "aws_internet_gateway.igw",
            "aws_nat_gateway.nat",
            "aws_subnet.public-us-east-1a",
            "aws_vpc.main"
          ]
        }
      ]
    },
    {
      "mode": "managed",
      "type": "aws_route_table",
      "name": "public",
      "provider": "provider[\"registry.terraform.io/hashicorp/aws\"]",
      "instances": [
        {
          "schema_version": 0,
          "attributes": {
            "arn": "arn:aws:ec2:us-east-1:730335448540:route-table/rtb-083e467474acf90e3",
            "id": "rtb-083e467474acf90e3",
            "owner_id": "730335448540",
            "propagating_vgws": [],
            "route": [
              {
                "carrier_gateway_id": "",
                "cidr_block": "0.0.0.0/0",
                "core_network_arn": "",
                "destination_prefix_list_id": "",
                "egress_only_gateway_id": "",
                "gateway_id": "igw-0720043161cc581e7",
                "ipv6_cidr_block": "",
                "local_gateway_id": "",
                "nat_gateway_id": "",
                "network_interface_id": "",
                "transit_gateway_id": "",
                "vpc_endpoint_id": "",
                "vpc_peering_connection_id": ""
              }
            ],
            "tags": {
              "Name": "public"
            },
            "tags_all": {
              "Name": "public"
            },
            "timeouts": null,
            "vpc_id": "vpc-0b72d7ab6176e00d7"
          },
          "sensitive_attributes": [],
          "private": "eyJlMmJmYjczMC1lY2FhLTExZTYtOGY4OC0zNDM2M2JjN2M0YzAiOnsiY3JlYXRlIjozMDAwMDAwMDAwMDAsImRlbGV0ZSI6MzAwMDAwMDAwMDAwLCJ1cGRhdGUiOjEyMDAwMDAwMDAwMH19",
          "dependencies": [
            "aws_internet_gateway.igw",
            "aws_vpc.main"
          ]
        }
      ]
    },
    {
      "mode": "managed",
      "type": "aws_route_table_association",
      "name": "private-us-east-1a",
      "provider": "provider[\"registry.terraform.io/hashicorp/aws\"]",
      "instances": [
        {
          "schema_version": 0,
          "attributes": {
            "gateway_id": "",
            "id": "rtbassoc-05de1b466367465de",
            "route_table_id": "rtb-0dd9f68fa702c1c9f",
            "subnet_id": "subnet-0bd779745aaa08a66",
            "timeouts": null
          },
          "sensitive_attributes": [],
          "private": "eyJlMmJmYjczMC1lY2FhLTExZTYtOGY4OC0zNDM2M2JjN2M0YzAiOnsiY3JlYXRlIjozMDAwMDAwMDAwMDAsImRlbGV0ZSI6MzAwMDAwMDAwMDAwLCJ1cGRhdGUiOjEyMDAwMDAwMDAwMH19",
          "dependencies": [
            "aws_eip.nat",
            "aws_internet_gateway.igw",
            "aws_nat_gateway.nat",
            "aws_route_table.private",
            "aws_subnet.private-us-east-1a",
            "aws_subnet.public-us-east-1a",
            "aws_vpc.main"
          ]
        }
      ]
    },
    {
      "mode": "managed",
      "type": "aws_route_table_association",
      "name": "private-us-east-1b",
      "provider": "provider[\"registry.terraform.io/hashicorp/aws\"]",
      "instances": [
        {
          "schema_version": 0,
          "attributes": {
            "gateway_id": "",
            "id": "rtbassoc-0f79d6686b8e94a78",
            "route_table_id": "rtb-0dd9f68fa702c1c9f",
            "subnet_id": "subnet-04b231371d6cfa042",
            "timeouts": null
          },
          "sensitive_attributes": [],
          "private": "eyJlMmJmYjczMC1lY2FhLTExZTYtOGY4OC0zNDM2M2JjN2M0YzAiOnsiY3JlYXRlIjozMDAwMDAwMDAwMDAsImRlbGV0ZSI6MzAwMDAwMDAwMDAwLCJ1cGRhdGUiOjEyMDAwMDAwMDAwMH19",
          "dependencies": [
            "aws_eip.nat",
            "aws_internet_gateway.igw",
            "aws_nat_gateway.nat",
            "aws_route_table.private",
            "aws_subnet.private-us-east-1b",
            "aws_subnet.public-us-east-1a",
            "aws_vpc.main"
          ]
        }
      ]
    },
    {
      "mode": "managed",
      "type": "aws_route_table_association",
      "name": "public-us-east-1a",
      "provider": "provider[\"registry.terraform.io/hashicorp/aws\"]",
      "instances": [
        {
          "schema_version": 0,
          "attributes": {
            "gateway_id": "",
            "id": "rtbassoc-067bdb7f85a68795b",
            "route_table_id": "rtb-083e467474acf90e3",
            "subnet_id": "subnet-01032c9f23f6566b2",
            "timeouts": null
          },
          "sensitive_attributes": [],
          "private": "eyJlMmJmYjczMC1lY2FhLTExZTYtOGY4OC0zNDM2M2JjN2M0YzAiOnsiY3JlYXRlIjozMDAwMDAwMDAwMDAsImRlbGV0ZSI6MzAwMDAwMDAwMDAwLCJ1cGRhdGUiOjEyMDAwMDAwMDAwMH19",
          "dependencies": [
            "aws_internet_gateway.igw",
            "aws_route_table.public",
            "aws_subnet.public-us-east-1a",
            "aws_vpc.main"
          ]
        }
      ]
    },
    {
      "mode": "managed",
      "type": "aws_route_table_association",
      "name": "public-us-east-1b",
      "provider": "provider[\"registry.terraform.io/hashicorp/aws\"]",
      "instances": [
        {
          "schema_version": 0,
          "attributes": {
            "gateway_id": "",
            "id": "rtbassoc-09bd578fa43baa0d1",
            "route_table_id": "rtb-083e467474acf90e3",
            "subnet_id": "subnet-07ab9811a3d773496",
            "timeouts": null
          },
          "sensitive_attributes": [],
          "private": "eyJlMmJmYjczMC1lY2FhLTExZTYtOGY4OC0zNDM2M2JjN2M0YzAiOnsiY3JlYXRlIjozMDAwMDAwMDAwMDAsImRlbGV0ZSI6MzAwMDAwMDAwMDAwLCJ1cGRhdGUiOjEyMDAwMDAwMDAwMH19",
          "dependencies": [
            "aws_internet_gateway.igw",
            "aws_route_table.public",
            "aws_subnet.public-us-east-1b",
            "aws_vpc.main"
          ]
        }
      ]
    },
    {
      "mode": "managed",
      "type": "aws_s3_bucket",
      "name": "s3_logs",
      "provider": "provider[\"registry.terraform.io/hashicorp/aws\"]",
      "instances": [
        {
          "schema_version": 0,
          "attributes": {
            "acceleration_status": "",
            "acl": null,
            "arn": "arn:aws:s3:::elb-logs-mousa-nti",
            "bucket": "elb-logs-mousa-nti",
            "bucket_domain_name": "elb-logs-mousa-nti.s3.amazonaws.com",
            "bucket_prefix": "",
            "bucket_regional_domain_name": "elb-logs-mousa-nti.s3.us-east-1.amazonaws.com",
            "cors_rule": [],
            "force_destroy": false,
            "grant": [
              {
                "id": "8b0d5c90fdece3df92ebdcc7ce11e6eb9b3ccc7fd2db17451f20059523ccdaca",
                "permissions": [
                  "FULL_CONTROL"
                ],
                "type": "CanonicalUser",
                "uri": ""
              }
            ],
            "hosted_zone_id": "Z3AQBSTGFYJSTF",
            "id": "elb-logs-mousa-nti",
            "lifecycle_rule": [],
            "logging": [],
            "object_lock_configuration": [],
            "object_lock_enabled": false,
            "policy": "",
            "region": "us-east-1",
            "replication_configuration": [],
            "request_payer": "BucketOwner",
            "server_side_encryption_configuration": [
              {
                "rule": [
                  {
                    "apply_server_side_encryption_by_default": [
                      {
                        "kms_master_key_id": "",
                        "sse_algorithm": "AES256"
                      }
                    ],
                    "bucket_key_enabled": false
                  }
                ]
              }
            ],
            "tags": {
              "Environment": "Dev",
              "Name": "My bucket"
            },
            "tags_all": {
              "Environment": "Dev",
              "Name": "My bucket"
            },
            "timeouts": null,
            "versioning": [
              {
                "enabled": false,
                "mfa_delete": false
              }
            ],
            "website": [],
            "website_domain": null,
            "website_endpoint": null
          },
          "sensitive_attributes": [],
          "private": "eyJlMmJmYjczMC1lY2FhLTExZTYtOGY4OC0zNDM2M2JjN2M0YzAiOnsiY3JlYXRlIjoxMjAwMDAwMDAwMDAwLCJkZWxldGUiOjM2MDAwMDAwMDAwMDAsInJlYWQiOjEyMDAwMDAwMDAwMDAsInVwZGF0ZSI6MTIwMDAwMDAwMDAwMH19"
        }
      ]
    },
    {
      "mode": "managed",
      "type": "aws_security_group",
      "name": "sg",
      "provider": "provider[\"registry.terraform.io/hashicorp/aws\"]",
      "instances": [
        {
          "schema_version": 1,
          "attributes": {
            "arn": "arn:aws:ec2:us-east-1:730335448540:security-group/sg-0603b89b6eca72445",
            "description": "Managed by Terraform",
            "egress": [
              {
                "cidr_blocks": [
                  "0.0.0.0/0"
                ],
                "description": "",
                "from_port": 0,
                "ipv6_cidr_blocks": [],
                "prefix_list_ids": [],
                "protocol": "-1",
                "security_groups": [],
                "self": false,
                "to_port": 0
              }
            ],
            "id": "sg-0603b89b6eca72445",
            "ingress": [
              {
                "cidr_blocks": [
                  "0.0.0.0/0"
                ],
                "description": "HTTP from VPC",
                "from_port": 80,
                "ipv6_cidr_blocks": [],
                "prefix_list_ids": [],
                "protocol": "tcp",
                "security_groups": [],
                "self": false,
                "to_port": 80
              },
              {
                "cidr_blocks": [
                  "0.0.0.0/0"
                ],
                "description": "HTTPS from VPC",
                "from_port": 443,
                "ipv6_cidr_blocks": [],
                "prefix_list_ids": [],
                "protocol": "tcp",
                "security_groups": [],
                "self": false,
                "to_port": 443
              },
              {
                "cidr_blocks": [
                  "0.0.0.0/0"
                ],
                "description": "custum vpc",
                "from_port": 8080,
                "ipv6_cidr_blocks": [],
                "prefix_list_ids": [],
                "protocol": "tcp",
                "security_groups": [],
                "self": false,
                "to_port": 8080
              },
              {
                "cidr_blocks": [
                  "0.0.0.0/0"
                ],
                "description": "ssh",
                "from_port": 22,
                "ipv6_cidr_blocks": [],
                "prefix_list_ids": [],
                "protocol": "tcp",
                "security_groups": [],
                "self": false,
                "to_port": 22
              }
            ],
            "name": "terraform-20240428211115297600000007",
            "name_prefix": "terraform-",
            "owner_id": "730335448540",
            "revoke_rules_on_delete": false,
            "tags": null,
            "tags_all": {},
            "timeouts": null,
            "vpc_id": "vpc-0b72d7ab6176e00d7"
          },
          "sensitive_attributes": [],
          "private": "eyJlMmJmYjczMC1lY2FhLTExZTYtOGY4OC0zNDM2M2JjN2M0YzAiOnsiY3JlYXRlIjo2MDAwMDAwMDAwMDAsImRlbGV0ZSI6OTAwMDAwMDAwMDAwfSwic2NoZW1hX3ZlcnNpb24iOiIxIn0=",
          "dependencies": [
            "aws_vpc.main"
          ]
        }
      ]
    },
    {
      "mode": "managed",
      "type": "aws_subnet",
      "name": "private-us-east-1a",
      "provider": "provider[\"registry.terraform.io/hashicorp/aws\"]",
      "instances": [
        {
          "schema_version": 1,
          "attributes": {
            "arn": "arn:aws:ec2:us-east-1:730335448540:subnet/subnet-0bd779745aaa08a66",
            "assign_ipv6_address_on_creation": false,
            "availability_zone": "us-east-1a",
            "availability_zone_id": "use1-az4",
            "cidr_block": "10.0.0.0/19",
            "customer_owned_ipv4_pool": "",
            "enable_dns64": false,
            "enable_lni_at_device_index": 0,
            "enable_resource_name_dns_a_record_on_launch": false,
            "enable_resource_name_dns_aaaa_record_on_launch": false,
            "id": "subnet-0bd779745aaa08a66",
            "ipv6_cidr_block": "",
            "ipv6_cidr_block_association_id": "",
            "ipv6_native": false,
            "map_customer_owned_ip_on_launch": false,
            "map_public_ip_on_launch": false,
            "outpost_arn": "",
            "owner_id": "730335448540",
            "private_dns_hostname_type_on_launch": "ip-name",
            "tags": {
              "Name": "private-us-east-1a",
              "kubernetes.io/cluster/demo": "owned",
              "kubernetes.io/role/internal-elb": "1"
            },
            "tags_all": {
              "Name": "private-us-east-1a",
              "kubernetes.io/cluster/demo": "owned",
              "kubernetes.io/role/internal-elb": "1"
            },
            "timeouts": null,
            "vpc_id": "vpc-0b72d7ab6176e00d7"
          },
          "sensitive_attributes": [],
          "private": "eyJlMmJmYjczMC1lY2FhLTExZTYtOGY4OC0zNDM2M2JjN2M0YzAiOnsiY3JlYXRlIjo2MDAwMDAwMDAwMDAsImRlbGV0ZSI6MTIwMDAwMDAwMDAwMH0sInNjaGVtYV92ZXJzaW9uIjoiMSJ9",
          "dependencies": [
            "aws_vpc.main"
          ]
        }
      ]
    },
    {
      "mode": "managed",
      "type": "aws_subnet",
      "name": "private-us-east-1b",
      "provider": "provider[\"registry.terraform.io/hashicorp/aws\"]",
      "instances": [
        {
          "schema_version": 1,
          "attributes": {
            "arn": "arn:aws:ec2:us-east-1:730335448540:subnet/subnet-04b231371d6cfa042",
            "assign_ipv6_address_on_creation": false,
            "availability_zone": "us-east-1b",
            "availability_zone_id": "use1-az6",
            "cidr_block": "10.0.32.0/19",
            "customer_owned_ipv4_pool": "",
            "enable_dns64": false,
            "enable_lni_at_device_index": 0,
            "enable_resource_name_dns_a_record_on_launch": false,
            "enable_resource_name_dns_aaaa_record_on_launch": false,
            "id": "subnet-04b231371d6cfa042",
            "ipv6_cidr_block": "",
            "ipv6_cidr_block_association_id": "",
            "ipv6_native": false,
            "map_customer_owned_ip_on_launch": false,
            "map_public_ip_on_launch": false,
            "outpost_arn": "",
            "owner_id": "730335448540",
            "private_dns_hostname_type_on_launch": "ip-name",
            "tags": {
              "Name": "private-us-east-1b",
              "kubernetes.io/cluster/demo": "owned",
              "kubernetes.io/role/internal-elb": "1"
            },
            "tags_all": {
              "Name": "private-us-east-1b",
              "kubernetes.io/cluster/demo": "owned",
              "kubernetes.io/role/internal-elb": "1"
            },
            "timeouts": null,
            "vpc_id": "vpc-0b72d7ab6176e00d7"
          },
          "sensitive_attributes": [],
          "private": "eyJlMmJmYjczMC1lY2FhLTExZTYtOGY4OC0zNDM2M2JjN2M0YzAiOnsiY3JlYXRlIjo2MDAwMDAwMDAwMDAsImRlbGV0ZSI6MTIwMDAwMDAwMDAwMH0sInNjaGVtYV92ZXJzaW9uIjoiMSJ9",
          "dependencies": [
            "aws_vpc.main"
          ]
        }
      ]
    },
    {
      "mode": "managed",
      "type": "aws_subnet",
      "name": "public-us-east-1a",
      "provider": "provider[\"registry.terraform.io/hashicorp/aws\"]",
      "instances": [
        {
          "schema_version": 1,
          "attributes": {
            "arn": "arn:aws:ec2:us-east-1:730335448540:subnet/subnet-01032c9f23f6566b2",
            "assign_ipv6_address_on_creation": false,
            "availability_zone": "us-east-1a",
            "availability_zone_id": "use1-az4",
            "cidr_block": "10.0.64.0/19",
            "customer_owned_ipv4_pool": "",
            "enable_dns64": false,
            "enable_lni_at_device_index": 0,
            "enable_resource_name_dns_a_record_on_launch": false,
            "enable_resource_name_dns_aaaa_record_on_launch": false,
            "id": "subnet-01032c9f23f6566b2",
            "ipv6_cidr_block": "",
            "ipv6_cidr_block_association_id": "",
            "ipv6_native": false,
            "map_customer_owned_ip_on_launch": false,
            "map_public_ip_on_launch": true,
            "outpost_arn": "",
            "owner_id": "730335448540",
            "private_dns_hostname_type_on_launch": "ip-name",
            "tags": {
              "Name": "public-us-east-1a",
              "kubernetes.io/cluster/demo": "owned",
              "kubernetes.io/role/elb": "1"
            },
            "tags_all": {
              "Name": "public-us-east-1a",
              "kubernetes.io/cluster/demo": "owned",
              "kubernetes.io/role/elb": "1"
            },
            "timeouts": null,
            "vpc_id": "vpc-0b72d7ab6176e00d7"
          },
          "sensitive_attributes": [],
          "private": "eyJlMmJmYjczMC1lY2FhLTExZTYtOGY4OC0zNDM2M2JjN2M0YzAiOnsiY3JlYXRlIjo2MDAwMDAwMDAwMDAsImRlbGV0ZSI6MTIwMDAwMDAwMDAwMH0sInNjaGVtYV92ZXJzaW9uIjoiMSJ9",
          "dependencies": [
            "aws_vpc.main"
          ]
        }
      ]
    },
    {
      "mode": "managed",
      "type": "aws_subnet",
      "name": "public-us-east-1b",
      "provider": "provider[\"registry.terraform.io/hashicorp/aws\"]",
      "instances": [
        {
          "schema_version": 1,
          "attributes": {
            "arn": "arn:aws:ec2:us-east-1:730335448540:subnet/subnet-07ab9811a3d773496",
            "assign_ipv6_address_on_creation": false,
            "availability_zone": "us-east-1b",
            "availability_zone_id": "use1-az6",
            "cidr_block": "10.0.96.0/19",
            "customer_owned_ipv4_pool": "",
            "enable_dns64": false,
            "enable_lni_at_device_index": 0,
            "enable_resource_name_dns_a_record_on_launch": false,
            "enable_resource_name_dns_aaaa_record_on_launch": false,
            "id": "subnet-07ab9811a3d773496",
            "ipv6_cidr_block": "",
            "ipv6_cidr_block_association_id": "",
            "ipv6_native": false,
            "map_customer_owned_ip_on_launch": false,
            "map_public_ip_on_launch": true,
            "outpost_arn": "",
            "owner_id": "730335448540",
            "private_dns_hostname_type_on_launch": "ip-name",
            "tags": {
              "Name": "public-us-east-1b",
              "kubernetes.io/cluster/demo": "owned",
              "kubernetes.io/role/elb": "1"
            },
            "tags_all": {
              "Name": "public-us-east-1b",
              "kubernetes.io/cluster/demo": "owned",
              "kubernetes.io/role/elb": "1"
            },
            "timeouts": null,
            "vpc_id": "vpc-0b72d7ab6176e00d7"
          },
          "sensitive_attributes": [],
          "private": "eyJlMmJmYjczMC1lY2FhLTExZTYtOGY4OC0zNDM2M2JjN2M0YzAiOnsiY3JlYXRlIjo2MDAwMDAwMDAwMDAsImRlbGV0ZSI6MTIwMDAwMDAwMDAwMH0sInNjaGVtYV92ZXJzaW9uIjoiMSJ9",
          "dependencies": [
            "aws_vpc.main"
          ]
        }
      ]
    },
    {
      "mode": "managed",
      "type": "aws_vpc",
      "name": "main",
      "provider": "provider[\"registry.terraform.io/hashicorp/aws\"]",
      "instances": [
        {
          "schema_version": 1,
          "attributes": {
            "arn": "arn:aws:ec2:us-east-1:730335448540:vpc/vpc-0b72d7ab6176e00d7",
            "assign_generated_ipv6_cidr_block": false,
            "cidr_block": "10.0.0.0/16",
            "default_network_acl_id": "acl-02c36960934431dd4",
            "default_route_table_id": "rtb-0aebf217f740fcf37",
            "default_security_group_id": "sg-07c52886f6e4074ba",
            "dhcp_options_id": "dopt-0b9eb0f778a6b5854",
            "enable_dns_hostnames": false,
            "enable_dns_support": true,
            "enable_network_address_usage_metrics": false,
            "id": "vpc-0b72d7ab6176e00d7",
            "instance_tenancy": "default",
            "ipv4_ipam_pool_id": null,
            "ipv4_netmask_length": null,
            "ipv6_association_id": "",
            "ipv6_cidr_block": "",
            "ipv6_cidr_block_network_border_group": "",
            "ipv6_ipam_pool_id": "",
            "ipv6_netmask_length": 0,
            "main_route_table_id": "rtb-0aebf217f740fcf37",
            "owner_id": "730335448540",
            "tags": {
              "Name": "main"
            },
            "tags_all": {
              "Name": "main"
            }
          },
          "sensitive_attributes": [],
          "private": "eyJzY2hlbWFfdmVyc2lvbiI6IjEifQ=="
        }
      ]
    },
    {
      "mode": "managed",
      "type": "local_file",
      "name": "private_key_file",
      "provider": "provider[\"registry.terraform.io/hashicorp/local\"]",
      "instances": [
        {
          "schema_version": 0,
          "attributes": {
            "content": "-----BEGIN RSA PRIVATE KEY-----\nMIIJKQIBAAKCAgEAqqf7E9YgWBUUUkboSOnUPwtWOyRRWMvCtvalSeA5ikiAi/XE\nTvqMzN6Gr8A+EnwaS5X5p+kboKK5/Zlnjs1ft3lsIY8Idw5yEXyHW+n83VqswJHO\nRiu2D0drl0YVmOdPVvFUKP/sLLw5aqz3oy9ZI0oWBdQYG9xfvH8Pjd1XoG+KORGU\nCEfDy6827hmy41FQWBJ/eeh4O38G+kw+SNK5eN5cL91LLYKkjNL5UjH/lFyfb0pv\nXwwJr9EDJypoOdDaH66vY8d5u4JQCSeuSK+ubrQ4I5tODua9cSIXn4zBafKYv7pB\nEy8CAXpPNRir+Hy+qBSJV21RCl+vgjAQI75y0eQFHCLqpFfB/3gkiQRy9EMm7nFh\nv1MpYAbk73J9r+xH/t3PO+8myFLcJ4phwwBz9lWGNK0QQRsDKMlSgyuvlBwV7AZP\nAEyIAv2yqaMHtvsrHUwtO0WodxSA/qN0yG4PEAltbBlZJfozcLJdu31qxsPbC8Ap\n2Cznry9aMIEw6IkgxEGI3+diUS2tzyWPR5KHg1Be1MfdYrRJ1beTHl3/9kNMxj4y\nQaubVBGFiskCAfbJz3ovZ4agMC0790zbIbDwKwdJuqueiNmD+Baml5jn7wGorY2D\nLnyVlUJskFTXKvImCw4xH5rUkuXZ22YHlFRCagbbOkJZfZ5HU8v1IGEmvfMCAwEA\nAQKCAgB7+Ds0VcB5PBbfDhN/pB1DDwE9RUyyrJJuRw4bdH9YLQL0qTxKA0h1KtG8\nqnJtCyou7mvFxlkDgDKMPvwziI2XwuUCG92SXzQN7+CErJ28TzpfSYwG/Ynr334R\nDiByStYf2n/AqOjwNmufSrc6HBMsx4zn/wLkeloxnDu4WqplKaHHgzV+LmPVexr0\nLEb/SvqKgCWKcY2l6sku2mQEks+ZNi7Rtnf+P4E5q6jiRN/c7swDFJeC/EOtLLCV\nqwC7vzQ0/7j5Stbrl+Z8QA8jTjvwv4pok1FJEeVcYd+3T5DRXiIIZU0Qmn1ihW80\nqw+CG1yEzSZYFFlip8/fSvrufFL7ZkSnXXvuGI/tKFp5WbloM9au0QSdWmlAn8ad\n8r+IHodIkiyoeQxSGk3jPAR02g+3642h6CH80R+HwwMsqHFZlIS9DKoGNg1IkP86\nsK2y8RmdPdQbqNdWJJHf7fruj/BEd7rEWAFFDMjeakuPoCcdp2Qg6bUJREym9buu\n16kSGElkK0M7KgfWJA2CPjH9E9dElCId/Sr9bEhRbIOXlBf/NAkbM4T7vR/sR5s6\n2OTUEfxcVbm6/v3n8k1Qm0fD2pDbaR/eC8Be/7ofrnaWaFwXK9PK9PoFEByLiiWJ\nbNB0Hwd8UQ4sGb+poF8O9wgCTuefguSh5uElSFoVIGUcBNY6AQKCAQEA2HFoR0ye\nc9ZA3kMiYNOpPA9TKqehCzySYhYxhiVWRZpifpMGGK+UUY/L2RRpwmZ87JQyiVdf\n13+iPLc6JGOt/kMzeZDP79/SeYQz05w9n9IB6qLk/mc4Phn7/j5BQ5mbZISmn3VS\nzJX8pbMByipbhvjqGUZsV9rprSENwVKfNneaDyrDXP3OXFqRdeXcMSbFx7CrE5EL\nASrIAl6MBjeO5yWB5798/GqrauZNenp94pGi7cmg0Dgsu/cIRCQ3g1lwXnZd2Wh6\nKA268mHVXK3bWlJi4Yuy8P38UUiSJHtPlCL39Ke6JhROiwrV/4OZLeB27KAxJOAj\n1obIDlJejPBv0wKCAQEAydhfOuJnADG/Pq8wlgODvX6TyvIi7qCPIhR8fEv9Fjoc\nxdkVKAuDH14uTGI1KIThqv25EGLcQcUJhnt0J/U079iQGvchFxQAAFUdEIwE6eKZ\n8WKfmO4N3K7Tf5mS7/XtOT1HojXrR1na2G60eZ1DdEfpDUg9R5MvZ/fPUdQq8eUF\nmz+pyImXcgVNMhzRsFXlx8tyXZGWbH94G7u2TsBXdvOxRwD9XuYZ4HDaV92ygHNK\nLTWMl2KvV1gapqyuXtyv7/WyBTIrxdiqypXdTJpwh6jvjjbsU7QDPxVY/LoltIB0\nOz/Z0fNlsYd8Wv4ED3yWFYT1Lc3x1z308w1U+6XFYQKCAQEAg3QlLCB5n8rBbPwD\nFiGXCBYaoa5bXdK06QOnolxs0CsapNswea+xefPGj5oZPWs3dgvvwYAigmRPKWby\n1gUAOIuh6LQtxfb/ArRrMZsTxkwqw9GZGHWiL/1iEaDHzIGvYdY6yF/eIMj7P7u/\nW4RsQEZPD3i49obLI04O55oBfngXRhznuEOhoG+VJrCrEeMFfelrjZ+qulO8U8wO\naPw3O2WJRzICe99hKrSi278nU4K2HIs3sx5a9PHswE3qtUiNuaFUEGWmw0rLfsgy\naG5i6bFdwrQwwrLPGqLjt2p5A3RVee6gXN46cbHsFJpdXwKT19TW5BmJSpJjUGdw\na1Lf5wKCAQEAtAvArorjq+W0HRsycK4D5pUxChfBFzC7XH//pvQ1do0xuz3vxD+4\nn9Nn4xS7LECT9+3JFZfJtxUmcQJQU5BDvypjKNqGdsqNUb6aZXcwrtxFy27YxBac\n4NxFpo1753ZsO+Gwsz37eDLrpqHhdJXWZLP8a6+jkeP1pn0DPo/OGuXagWhhb5Nk\nNv4JpQjV9sA4bmbIxjQmhPOTVNG1RjwGCQJJgPeeCvef33drHHOSVUgBw5//n84U\ncAoUA9cG13FtstNsD3x4VUv21SynMTyV4jzMKwRM/EEXoD7PmOgG2CK5C1ziVIgT\njy82uwfY4WOVkO5/sXMCJaiLhf6/bpWpIQKCAQBtX3HatMlvEPZQ6DB6efDmgwDe\nRtAUmZNDYMkmvcgRqAS0dyFCLpJPHrimwQKV+j6m1naEcZM5lGNAtu394Y6Xs/Aw\nvTrC87wn4AkakvdE9qzqN4SLGA7pIY2aBblhrd6GpP9Z/iYVdezVhoeBWdDJ2St1\n0MGQH12EMG/8H7unjt1qVENeXYIgqgiD68jIz6V00cPbky+yTgWEKovaRtdiuudj\n3DdAOe97CT/wgE7j3OEP20936WC2Ox+ysHOp+8vO727yMxJsd1R93jgnJ8yqwYRx\nXldJv7eNfyyx9aVrgrbdO33MbjDfsXmb4HJUvFvisIAaxZQUUJKbZ9lwIqYY\n-----END RSA PRIVATE KEY-----\n",
            "content_base64": null,
            "content_base64sha256": "MVzPOVBMqLhYoSdABCasa+6ZLeN5W95LowfbgWwSI1U=",
            "content_base64sha512": "/jvzjt2uttx6aYEu/Bv3EjDlu3TeYxzv1RbrCC79rBkVbOZ0gNmVOH0sKFDJuTe7+tNMdjyQ9qAJk1v8D0ZXag==",
            "content_md5": "c407455c8ce3ee206ef4874248aa3710",
            "content_sha1": "7341046d2eda1920492c3decf33babbde3f0265d",
            "content_sha256": "315ccf39504ca8b858a127400426ac6bee992de3795bde4ba307db816c122355",
            "content_sha512": "fe3bf38eddaeb6dc7a69812efc1bf71230e5bb74de631cefd516eb082efdac19156ce67480d995387d2c2850c9b937bbfad34c763c90f6a009935bfc0f46576a",
            "directory_permission": "0777",
            "file_permission": "0400",
            "filename": "./ec2_jenkins_key_private.pem",
            "id": "7341046d2eda1920492c3decf33babbde3f0265d",
            "sensitive_content": null,
            "source": null
          },
          "sensitive_attributes": [
            [
              {
                "type": "get_attr",
                "value": "content"
              }
            ]
          ],
          "dependencies": [
            "tls_private_key.rsa-4096-example"
          ]
        }
      ]
    },
    {
      "mode": "managed",
      "type": "tls_private_key",
      "name": "rsa-4096-example",
      "provider": "provider[\"registry.terraform.io/hashicorp/tls\"]",
      "instances": [
        {
          "schema_version": 1,
          "attributes": {
            "algorithm": "RSA",
            "ecdsa_curve": "P224",
            "id": "866770b35b3960005f435ea5f9981a2e150eb32e",
            "private_key_openssh": "-----BEGIN OPENSSH PRIVATE KEY-----\nb3BlbnNzaC1rZXktdjEAAAAABG5vbmUAAAAEbm9uZQAAAAAAAAABAAACFwAAAAdz\nc2gtcnNhAAAAAwEAAQAAAgEAqqf7E9YgWBUUUkboSOnUPwtWOyRRWMvCtvalSeA5\nikiAi/XETvqMzN6Gr8A+EnwaS5X5p+kboKK5/Zlnjs1ft3lsIY8Idw5yEXyHW+n8\n3VqswJHORiu2D0drl0YVmOdPVvFUKP/sLLw5aqz3oy9ZI0oWBdQYG9xfvH8Pjd1X\noG+KORGUCEfDy6827hmy41FQWBJ/eeh4O38G+kw+SNK5eN5cL91LLYKkjNL5UjH/\nlFyfb0pvXwwJr9EDJypoOdDaH66vY8d5u4JQCSeuSK+ubrQ4I5tODua9cSIXn4zB\nafKYv7pBEy8CAXpPNRir+Hy+qBSJV21RCl+vgjAQI75y0eQFHCLqpFfB/3gkiQRy\n9EMm7nFhv1MpYAbk73J9r+xH/t3PO+8myFLcJ4phwwBz9lWGNK0QQRsDKMlSgyuv\nlBwV7AZPAEyIAv2yqaMHtvsrHUwtO0WodxSA/qN0yG4PEAltbBlZJfozcLJdu31q\nxsPbC8Ap2Cznry9aMIEw6IkgxEGI3+diUS2tzyWPR5KHg1Be1MfdYrRJ1beTHl3/\n9kNMxj4yQaubVBGFiskCAfbJz3ovZ4agMC0790zbIbDwKwdJuqueiNmD+Baml5jn\n7wGorY2DLnyVlUJskFTXKvImCw4xH5rUkuXZ22YHlFRCagbbOkJZfZ5HU8v1IGEm\nvfMAAAc4je7iyI3u4sgAAAAHc3NoLXJzYQAAAgEAqqf7E9YgWBUUUkboSOnUPwtW\nOyRRWMvCtvalSeA5ikiAi/XETvqMzN6Gr8A+EnwaS5X5p+kboKK5/Zlnjs1ft3ls\nIY8Idw5yEXyHW+n83VqswJHORiu2D0drl0YVmOdPVvFUKP/sLLw5aqz3oy9ZI0oW\nBdQYG9xfvH8Pjd1XoG+KORGUCEfDy6827hmy41FQWBJ/eeh4O38G+kw+SNK5eN5c\nL91LLYKkjNL5UjH/lFyfb0pvXwwJr9EDJypoOdDaH66vY8d5u4JQCSeuSK+ubrQ4\nI5tODua9cSIXn4zBafKYv7pBEy8CAXpPNRir+Hy+qBSJV21RCl+vgjAQI75y0eQF\nHCLqpFfB/3gkiQRy9EMm7nFhv1MpYAbk73J9r+xH/t3PO+8myFLcJ4phwwBz9lWG\nNK0QQRsDKMlSgyuvlBwV7AZPAEyIAv2yqaMHtvsrHUwtO0WodxSA/qN0yG4PEAlt\nbBlZJfozcLJdu31qxsPbC8Ap2Cznry9aMIEw6IkgxEGI3+diUS2tzyWPR5KHg1Be\n1MfdYrRJ1beTHl3/9kNMxj4yQaubVBGFiskCAfbJz3ovZ4agMC0790zbIbDwKwdJ\nuqueiNmD+Baml5jn7wGorY2DLnyVlUJskFTXKvImCw4xH5rUkuXZ22YHlFRCagbb\nOkJZfZ5HU8v1IGEmvfMAAAADAQABAAACAHv4OzRVwHk8Ft8OE3+kHUMPAT1FTLKs\nkm5HDht0f1gtAvSpPEoDSHUq0byqcm0LKi7ua8XGWQOAMow+/DOIjZfC5QIb3ZJf\nNA3v4ISsnbxPOl9JjAb9ievffhEOIHJK1h/af8Co6PA2a59KtzocEyzHjOf/AuR6\nWjGcO7haqmUpoceDNX4uY9V7GvQsRv9K+oqAJYpxjaXqyS7aZASSz5k2LtG2d/4/\ngTmrqOJE39zuzAMUl4L8Q60ssJWrALu/NDT/uPlK1uuX5nxADyNOO/C/imiTUUkR\n5Vxh37dPkNFeIghlTRCafWKFbzSrD4IbXITNJlgUWWKnz99K+u58UvtmRKdde+4Y\nj+0oWnlZuWgz1q7RBJ1aaUCfxp3yv4geh0iSLKh5DFIaTeM8BHTaD7frjaHoIfzR\nH4fDAyyocVmUhL0MqgY2DUiQ/zqwrbLxGZ091Buo11Ykkd/t+u6P8ER3usRYAUUM\nyN5qS4+gJx2nZCDptQlETKb1u67XqRIYSWQrQzsqB9YkDYI+Mf0T10SUIh39Kv1s\nSFFsg5eUF/80CRszhPu9H+xHmzrY5NQR/FxVubr+/efyTVCbR8PakNtpH94LwF7/\nuh+udpZoXBcr08r0+gUQHIuKJYls0HQfB3xRDiwZv6mgXw73CAJO55+C5KHm4SVI\nWhUgZRwE1joBAAABAG1fcdq0yW8Q9lDoMHp58OaDAN5G0BSZk0NgySa9yBGoBLR3\nIUIukk8euKbBApX6PqbWdoRxkzmUY0C27f3hjpez8DC9OsLzvCfgCRqS90T2rOo3\nhIsYDukhjZoFuWGt3oak/1n+JhV17NWGh4FZ0MnZK3XQwZAfXYQwb/wfu6eO3WpU\nQ15dgiCqCIPryMjPpXTRw9uTL7JOBYQqi9pG12K652PcN0A573sJP/CATuPc4Q/b\nT3fpYLY7H7Kwc6n7y87vbvIzEmx3VH3eOCcnzKrBhHFeV0m/t41/LLH1pWuCtt07\nfcxuMN+xeZvgclS8W+KwgBrFlBRQkptn2XAiphgAAAEBANhxaEdMnnPWQN5DImDT\nqTwPUyqnoQs8kmIWMYYlVkWaYn6TBhivlFGPy9kUacJmfOyUMolXX9d/ojy3OiRj\nrf5DM3mQz+/f0nmEM9OcPZ/SAeqi5P5nOD4Z+/4+QUOZm2SEpp91UsyV/KWzAcoq\nW4b46hlGbFfa6a0hDcFSnzZ3mg8qw1z9zlxakXXl3DEmxcewqxORCwEqyAJejAY3\njuclgee/fPxqq2rmTXp6feKRou3JoNA4LLv3CEQkN4NZcF52XdloeigNuvJh1Vyt\n21pSYuGLsvD9/FFIkiR7T5Qi9/SnuiYUTosK1f+DmS3gduygMSTgI9aGyA5SXozw\nb9MAAAEBAMnYXzriZwAxvz6vMJYDg71+k8ryIu6gjyIUfHxL/RY6HMXZFSgLgx9e\nLkxiNSiE4ar9uRBi3EHFCYZ7dCf1NO/YkBr3IRcUAABVHRCMBOnimfFin5juDdyu\n03+Zku/17Tk9R6I160dZ2thutHmdQ3RH6Q1IPUeTL2f3z1HUKvHlBZs/qciJl3IF\nTTIc0bBV5cfLcl2Rlmx/eBu7tk7AV3bzsUcA/V7mGeBw2lfdsoBzSi01jJdir1dY\nGqasrl7cr+/1sgUyK8XYqsqV3UyacIeo74427FO0Az8VWPy6JbSAdDs/2dHzZbGH\nfFr+BA98lhWE9S3N8dc99PMNVPulxWEAAAAAAQID\n-----END OPENSSH PRIVATE KEY-----\n",
            "private_key_pem": "-----BEGIN RSA PRIVATE KEY-----\nMIIJKQIBAAKCAgEAqqf7E9YgWBUUUkboSOnUPwtWOyRRWMvCtvalSeA5ikiAi/XE\nTvqMzN6Gr8A+EnwaS5X5p+kboKK5/Zlnjs1ft3lsIY8Idw5yEXyHW+n83VqswJHO\nRiu2D0drl0YVmOdPVvFUKP/sLLw5aqz3oy9ZI0oWBdQYG9xfvH8Pjd1XoG+KORGU\nCEfDy6827hmy41FQWBJ/eeh4O38G+kw+SNK5eN5cL91LLYKkjNL5UjH/lFyfb0pv\nXwwJr9EDJypoOdDaH66vY8d5u4JQCSeuSK+ubrQ4I5tODua9cSIXn4zBafKYv7pB\nEy8CAXpPNRir+Hy+qBSJV21RCl+vgjAQI75y0eQFHCLqpFfB/3gkiQRy9EMm7nFh\nv1MpYAbk73J9r+xH/t3PO+8myFLcJ4phwwBz9lWGNK0QQRsDKMlSgyuvlBwV7AZP\nAEyIAv2yqaMHtvsrHUwtO0WodxSA/qN0yG4PEAltbBlZJfozcLJdu31qxsPbC8Ap\n2Cznry9aMIEw6IkgxEGI3+diUS2tzyWPR5KHg1Be1MfdYrRJ1beTHl3/9kNMxj4y\nQaubVBGFiskCAfbJz3ovZ4agMC0790zbIbDwKwdJuqueiNmD+Baml5jn7wGorY2D\nLnyVlUJskFTXKvImCw4xH5rUkuXZ22YHlFRCagbbOkJZfZ5HU8v1IGEmvfMCAwEA\nAQKCAgB7+Ds0VcB5PBbfDhN/pB1DDwE9RUyyrJJuRw4bdH9YLQL0qTxKA0h1KtG8\nqnJtCyou7mvFxlkDgDKMPvwziI2XwuUCG92SXzQN7+CErJ28TzpfSYwG/Ynr334R\nDiByStYf2n/AqOjwNmufSrc6HBMsx4zn/wLkeloxnDu4WqplKaHHgzV+LmPVexr0\nLEb/SvqKgCWKcY2l6sku2mQEks+ZNi7Rtnf+P4E5q6jiRN/c7swDFJeC/EOtLLCV\nqwC7vzQ0/7j5Stbrl+Z8QA8jTjvwv4pok1FJEeVcYd+3T5DRXiIIZU0Qmn1ihW80\nqw+CG1yEzSZYFFlip8/fSvrufFL7ZkSnXXvuGI/tKFp5WbloM9au0QSdWmlAn8ad\n8r+IHodIkiyoeQxSGk3jPAR02g+3642h6CH80R+HwwMsqHFZlIS9DKoGNg1IkP86\nsK2y8RmdPdQbqNdWJJHf7fruj/BEd7rEWAFFDMjeakuPoCcdp2Qg6bUJREym9buu\n16kSGElkK0M7KgfWJA2CPjH9E9dElCId/Sr9bEhRbIOXlBf/NAkbM4T7vR/sR5s6\n2OTUEfxcVbm6/v3n8k1Qm0fD2pDbaR/eC8Be/7ofrnaWaFwXK9PK9PoFEByLiiWJ\nbNB0Hwd8UQ4sGb+poF8O9wgCTuefguSh5uElSFoVIGUcBNY6AQKCAQEA2HFoR0ye\nc9ZA3kMiYNOpPA9TKqehCzySYhYxhiVWRZpifpMGGK+UUY/L2RRpwmZ87JQyiVdf\n13+iPLc6JGOt/kMzeZDP79/SeYQz05w9n9IB6qLk/mc4Phn7/j5BQ5mbZISmn3VS\nzJX8pbMByipbhvjqGUZsV9rprSENwVKfNneaDyrDXP3OXFqRdeXcMSbFx7CrE5EL\nASrIAl6MBjeO5yWB5798/GqrauZNenp94pGi7cmg0Dgsu/cIRCQ3g1lwXnZd2Wh6\nKA268mHVXK3bWlJi4Yuy8P38UUiSJHtPlCL39Ke6JhROiwrV/4OZLeB27KAxJOAj\n1obIDlJejPBv0wKCAQEAydhfOuJnADG/Pq8wlgODvX6TyvIi7qCPIhR8fEv9Fjoc\nxdkVKAuDH14uTGI1KIThqv25EGLcQcUJhnt0J/U079iQGvchFxQAAFUdEIwE6eKZ\n8WKfmO4N3K7Tf5mS7/XtOT1HojXrR1na2G60eZ1DdEfpDUg9R5MvZ/fPUdQq8eUF\nmz+pyImXcgVNMhzRsFXlx8tyXZGWbH94G7u2TsBXdvOxRwD9XuYZ4HDaV92ygHNK\nLTWMl2KvV1gapqyuXtyv7/WyBTIrxdiqypXdTJpwh6jvjjbsU7QDPxVY/LoltIB0\nOz/Z0fNlsYd8Wv4ED3yWFYT1Lc3x1z308w1U+6XFYQKCAQEAg3QlLCB5n8rBbPwD\nFiGXCBYaoa5bXdK06QOnolxs0CsapNswea+xefPGj5oZPWs3dgvvwYAigmRPKWby\n1gUAOIuh6LQtxfb/ArRrMZsTxkwqw9GZGHWiL/1iEaDHzIGvYdY6yF/eIMj7P7u/\nW4RsQEZPD3i49obLI04O55oBfngXRhznuEOhoG+VJrCrEeMFfelrjZ+qulO8U8wO\naPw3O2WJRzICe99hKrSi278nU4K2HIs3sx5a9PHswE3qtUiNuaFUEGWmw0rLfsgy\naG5i6bFdwrQwwrLPGqLjt2p5A3RVee6gXN46cbHsFJpdXwKT19TW5BmJSpJjUGdw\na1Lf5wKCAQEAtAvArorjq+W0HRsycK4D5pUxChfBFzC7XH//pvQ1do0xuz3vxD+4\nn9Nn4xS7LECT9+3JFZfJtxUmcQJQU5BDvypjKNqGdsqNUb6aZXcwrtxFy27YxBac\n4NxFpo1753ZsO+Gwsz37eDLrpqHhdJXWZLP8a6+jkeP1pn0DPo/OGuXagWhhb5Nk\nNv4JpQjV9sA4bmbIxjQmhPOTVNG1RjwGCQJJgPeeCvef33drHHOSVUgBw5//n84U\ncAoUA9cG13FtstNsD3x4VUv21SynMTyV4jzMKwRM/EEXoD7PmOgG2CK5C1ziVIgT\njy82uwfY4WOVkO5/sXMCJaiLhf6/bpWpIQKCAQBtX3HatMlvEPZQ6DB6efDmgwDe\nRtAUmZNDYMkmvcgRqAS0dyFCLpJPHrimwQKV+j6m1naEcZM5lGNAtu394Y6Xs/Aw\nvTrC87wn4AkakvdE9qzqN4SLGA7pIY2aBblhrd6GpP9Z/iYVdezVhoeBWdDJ2St1\n0MGQH12EMG/8H7unjt1qVENeXYIgqgiD68jIz6V00cPbky+yTgWEKovaRtdiuudj\n3DdAOe97CT/wgE7j3OEP20936WC2Ox+ysHOp+8vO727yMxJsd1R93jgnJ8yqwYRx\nXldJv7eNfyyx9aVrgrbdO33MbjDfsXmb4HJUvFvisIAaxZQUUJKbZ9lwIqYY\n-----END RSA PRIVATE KEY-----\n",
            "private_key_pem_pkcs8": "-----BEGIN PRIVATE KEY-----\nMIIJQwIBADANBgkqhkiG9w0BAQEFAASCCS0wggkpAgEAAoICAQCqp/sT1iBYFRRS\nRuhI6dQ/C1Y7JFFYy8K29qVJ4DmKSICL9cRO+ozM3oavwD4SfBpLlfmn6Rugorn9\nmWeOzV+3eWwhjwh3DnIRfIdb6fzdWqzAkc5GK7YPR2uXRhWY509W8VQo/+wsvDlq\nrPejL1kjShYF1Bgb3F+8fw+N3Vegb4o5EZQIR8PLrzbuGbLjUVBYEn956Hg7fwb6\nTD5I0rl43lwv3UstgqSM0vlSMf+UXJ9vSm9fDAmv0QMnKmg50Nofrq9jx3m7glAJ\nJ65Ir65utDgjm04O5r1xIhefjMFp8pi/ukETLwIBek81GKv4fL6oFIlXbVEKX6+C\nMBAjvnLR5AUcIuqkV8H/eCSJBHL0QybucWG/UylgBuTvcn2v7Ef+3c877ybIUtwn\nimHDAHP2VYY0rRBBGwMoyVKDK6+UHBXsBk8ATIgC/bKpowe2+ysdTC07Rah3FID+\no3TIbg8QCW1sGVkl+jNwsl27fWrGw9sLwCnYLOevL1owgTDoiSDEQYjf52JRLa3P\nJY9HkoeDUF7Ux91itEnVt5MeXf/2Q0zGPjJBq5tUEYWKyQIB9snPei9nhqAwLTv3\nTNshsPArB0m6q56I2YP4FqaXmOfvAaitjYMufJWVQmyQVNcq8iYLDjEfmtSS5dnb\nZgeUVEJqBts6Qll9nkdTy/UgYSa98wIDAQABAoICAHv4OzRVwHk8Ft8OE3+kHUMP\nAT1FTLKskm5HDht0f1gtAvSpPEoDSHUq0byqcm0LKi7ua8XGWQOAMow+/DOIjZfC\n5QIb3ZJfNA3v4ISsnbxPOl9JjAb9ievffhEOIHJK1h/af8Co6PA2a59KtzocEyzH\njOf/AuR6WjGcO7haqmUpoceDNX4uY9V7GvQsRv9K+oqAJYpxjaXqyS7aZASSz5k2\nLtG2d/4/gTmrqOJE39zuzAMUl4L8Q60ssJWrALu/NDT/uPlK1uuX5nxADyNOO/C/\nimiTUUkR5Vxh37dPkNFeIghlTRCafWKFbzSrD4IbXITNJlgUWWKnz99K+u58Uvtm\nRKdde+4Yj+0oWnlZuWgz1q7RBJ1aaUCfxp3yv4geh0iSLKh5DFIaTeM8BHTaD7fr\njaHoIfzRH4fDAyyocVmUhL0MqgY2DUiQ/zqwrbLxGZ091Buo11Ykkd/t+u6P8ER3\nusRYAUUMyN5qS4+gJx2nZCDptQlETKb1u67XqRIYSWQrQzsqB9YkDYI+Mf0T10SU\nIh39Kv1sSFFsg5eUF/80CRszhPu9H+xHmzrY5NQR/FxVubr+/efyTVCbR8PakNtp\nH94LwF7/uh+udpZoXBcr08r0+gUQHIuKJYls0HQfB3xRDiwZv6mgXw73CAJO55+C\n5KHm4SVIWhUgZRwE1joBAoIBAQDYcWhHTJ5z1kDeQyJg06k8D1Mqp6ELPJJiFjGG\nJVZFmmJ+kwYYr5RRj8vZFGnCZnzslDKJV1/Xf6I8tzokY63+QzN5kM/v39J5hDPT\nnD2f0gHqouT+Zzg+Gfv+PkFDmZtkhKafdVLMlfylswHKKluG+OoZRmxX2umtIQ3B\nUp82d5oPKsNc/c5cWpF15dwxJsXHsKsTkQsBKsgCXowGN47nJYHnv3z8aqtq5k16\nen3ikaLtyaDQOCy79whEJDeDWXBedl3ZaHooDbryYdVcrdtaUmLhi7Lw/fxRSJIk\ne0+UIvf0p7omFE6LCtX/g5kt4HbsoDEk4CPWhsgOUl6M8G/TAoIBAQDJ2F864mcA\nMb8+rzCWA4O9fpPK8iLuoI8iFHx8S/0WOhzF2RUoC4MfXi5MYjUohOGq/bkQYtxB\nxQmGe3Qn9TTv2JAa9yEXFAAAVR0QjATp4pnxYp+Y7g3crtN/mZLv9e05PUeiNetH\nWdrYbrR5nUN0R+kNSD1Hky9n989R1Crx5QWbP6nIiZdyBU0yHNGwVeXHy3JdkZZs\nf3gbu7ZOwFd287FHAP1e5hngcNpX3bKAc0otNYyXYq9XWBqmrK5e3K/v9bIFMivF\n2KrKld1MmnCHqO+ONuxTtAM/FVj8uiW0gHQ7P9nR82Wxh3xa/gQPfJYVhPUtzfHX\nPfTzDVT7pcVhAoIBAQCDdCUsIHmfysFs/AMWIZcIFhqhrltd0rTpA6eiXGzQKxqk\n2zB5r7F588aPmhk9azd2C+/BgCKCZE8pZvLWBQA4i6HotC3F9v8CtGsxmxPGTCrD\n0ZkYdaIv/WIRoMfMga9h1jrIX94gyPs/u79bhGxARk8PeLj2hssjTg7nmgF+eBdG\nHOe4Q6Ggb5UmsKsR4wV96WuNn6q6U7xTzA5o/Dc7ZYlHMgJ732EqtKLbvydTgrYc\nizezHlr08ezATeq1SI25oVQQZabDSst+yDJobmLpsV3CtDDCss8aouO3ankDdFV5\n7qBc3jpxsewUml1fApPX1NbkGYlKkmNQZ3BrUt/nAoIBAQC0C8CuiuOr5bQdGzJw\nrgPmlTEKF8EXMLtcf/+m9DV2jTG7Pe/EP7if02fjFLssQJP37ckVl8m3FSZxAlBT\nkEO/KmMo2oZ2yo1RvppldzCu3EXLbtjEFpzg3EWmjXvndmw74bCzPft4MuumoeF0\nldZks/xrr6OR4/WmfQM+j84a5dqBaGFvk2Q2/gmlCNX2wDhuZsjGNCaE85NU0bVG\nPAYJAkmA954K95/fd2scc5JVSAHDn/+fzhRwChQD1wbXcW2y02wPfHhVS/bVLKcx\nPJXiPMwrBEz8QRegPs+Y6AbYIrkLXOJUiBOPLza7B9jhY5WQ7n+xcwIlqIuF/r9u\nlakhAoIBAG1fcdq0yW8Q9lDoMHp58OaDAN5G0BSZk0NgySa9yBGoBLR3IUIukk8e\nuKbBApX6PqbWdoRxkzmUY0C27f3hjpez8DC9OsLzvCfgCRqS90T2rOo3hIsYDukh\njZoFuWGt3oak/1n+JhV17NWGh4FZ0MnZK3XQwZAfXYQwb/wfu6eO3WpUQ15dgiCq\nCIPryMjPpXTRw9uTL7JOBYQqi9pG12K652PcN0A573sJP/CATuPc4Q/bT3fpYLY7\nH7Kwc6n7y87vbvIzEmx3VH3eOCcnzKrBhHFeV0m/t41/LLH1pWuCtt07fcxuMN+x\neZvgclS8W+KwgBrFlBRQkptn2XAiphg=\n-----END PRIVATE KEY-----\n",
            "public_key_fingerprint_md5": "49:f6:e1:5b:0a:fc:03:c1:7b:c2:ac:9c:4b:48:28:c6",
            "public_key_fingerprint_sha256": "SHA256:4vbvrasU2yHz02ULRwIGIjGe3q1M6SqH9z1pXuQW7+4",
            "public_key_openssh": "ssh-rsa AAAAB3NzaC1yc2EAAAADAQABAAACAQCqp/sT1iBYFRRSRuhI6dQ/C1Y7JFFYy8K29qVJ4DmKSICL9cRO+ozM3oavwD4SfBpLlfmn6Rugorn9mWeOzV+3eWwhjwh3DnIRfIdb6fzdWqzAkc5GK7YPR2uXRhWY509W8VQo/+wsvDlqrPejL1kjShYF1Bgb3F+8fw+N3Vegb4o5EZQIR8PLrzbuGbLjUVBYEn956Hg7fwb6TD5I0rl43lwv3UstgqSM0vlSMf+UXJ9vSm9fDAmv0QMnKmg50Nofrq9jx3m7glAJJ65Ir65utDgjm04O5r1xIhefjMFp8pi/ukETLwIBek81GKv4fL6oFIlXbVEKX6+CMBAjvnLR5AUcIuqkV8H/eCSJBHL0QybucWG/UylgBuTvcn2v7Ef+3c877ybIUtwnimHDAHP2VYY0rRBBGwMoyVKDK6+UHBXsBk8ATIgC/bKpowe2+ysdTC07Rah3FID+o3TIbg8QCW1sGVkl+jNwsl27fWrGw9sLwCnYLOevL1owgTDoiSDEQYjf52JRLa3PJY9HkoeDUF7Ux91itEnVt5MeXf/2Q0zGPjJBq5tUEYWKyQIB9snPei9nhqAwLTv3TNshsPArB0m6q56I2YP4FqaXmOfvAaitjYMufJWVQmyQVNcq8iYLDjEfmtSS5dnbZgeUVEJqBts6Qll9nkdTy/UgYSa98w==\n",
            "public_key_pem": "-----BEGIN PUBLIC KEY-----\nMIICIjANBgkqhkiG9w0BAQEFAAOCAg8AMIICCgKCAgEAqqf7E9YgWBUUUkboSOnU\nPwtWOyRRWMvCtvalSeA5ikiAi/XETvqMzN6Gr8A+EnwaS5X5p+kboKK5/Zlnjs1f\nt3lsIY8Idw5yEXyHW+n83VqswJHORiu2D0drl0YVmOdPVvFUKP/sLLw5aqz3oy9Z\nI0oWBdQYG9xfvH8Pjd1XoG+KORGUCEfDy6827hmy41FQWBJ/eeh4O38G+kw+SNK5\neN5cL91LLYKkjNL5UjH/lFyfb0pvXwwJr9EDJypoOdDaH66vY8d5u4JQCSeuSK+u\nbrQ4I5tODua9cSIXn4zBafKYv7pBEy8CAXpPNRir+Hy+qBSJV21RCl+vgjAQI75y\n0eQFHCLqpFfB/3gkiQRy9EMm7nFhv1MpYAbk73J9r+xH/t3PO+8myFLcJ4phwwBz\n9lWGNK0QQRsDKMlSgyuvlBwV7AZPAEyIAv2yqaMHtvsrHUwtO0WodxSA/qN0yG4P\nEAltbBlZJfozcLJdu31qxsPbC8Ap2Cznry9aMIEw6IkgxEGI3+diUS2tzyWPR5KH\ng1Be1MfdYrRJ1beTHl3/9kNMxj4yQaubVBGFiskCAfbJz3ovZ4agMC0790zbIbDw\nKwdJuqueiNmD+Baml5jn7wGorY2DLnyVlUJskFTXKvImCw4xH5rUkuXZ22YHlFRC\nagbbOkJZfZ5HU8v1IGEmvfMCAwEAAQ==\n-----END PUBLIC KEY-----\n",
            "rsa_bits": 4096
          },
          "sensitive_attributes": []
        }
      ]
    }
  ],
  "check_results": null
}
